
Microsoft Visual Studio Solution File, Format Version 9.00
# Visual Studio 2005
Project("{8BC9CEB8-8B4A-11D0-8D11-00A0C91BC942}") = "libWeiBo_VS2005", "..\WeiBo SDK\libWeiBo_VS2005.vcproj", "{6AA1F0B5-8235-4C5E-AF10-AC905963F36D}"
EndProject
Project("{8BC9CEB8-8B4A-11D0-8D11-00A0C91BC942}") = "test_VS2005", "..\WeiBo SDK\test\test_VS2005.vcproj", "{39B0C145-F72A-4B1E-8902-B96378908D05}"
EndProject
Project("{8BC9CEB8-8B4A-11D0-8D11-00A0C91BC942}") = "WeiboParser_VS2005", "..\WeiBo SDK\WbParser\WeiboParser_VS2005.vcproj", "{7C2F1B64-4902-4F3E-81AD-5942E9FAF0AE}"
EndProject
Global
	GlobalSection(SolutionConfigurationPlatforms) = preSolution
		DLL Debug|Win32 = DLL Debug|Win32
		DLL DebugMT|Win32 = DLL DebugMT|Win32
		DLL Release|Win32 = DLL Release|Win32
		DLL ReleaseMT|Win32 = DLL ReleaseMT|Win32
		Lib Debug|Win32 = Lib Debug|Win32
		LIB DebugMT|Win32 = LIB DebugMT|Win32
		Lib Release|Win32 = Lib Release|Win32
		LIB ReleaseMT|Win32 = LIB ReleaseMT|Win32
	EndGlobalSection
	GlobalSection(ProjectConfigurationPlatforms) = postSolution
		{6AA1F0B5-8235-4C5E-AF10-AC905963F36D}.DLL Debug|Win32.ActiveCfg = DLL Debug|Win32
		{6AA1F0B5-8235-4C5E-AF10-AC905963F36D}.DLL Debug|Win32.Build.0 = DLL Debug|Win32
		{6AA1F0B5-8235-4C5E-AF10-AC905963F36D}.DLL DebugMT|Win32.ActiveCfg = DLL DebugMT|Win32
		{6AA1F0B5-8235-4C5E-AF10-AC905963F36D}.DLL DebugMT|Win32.Build.0 = DLL DebugMT|Win32
		{6AA1F0B5-8235-4C5E-AF10-AC905963F36D}.DLL Release|Win32.ActiveCfg = DLL Release|Win32
		{6AA1F0B5-8235-4C5E-AF10-AC905963F36D}.DLL Release|Win32.Build.0 = DLL Release|Win32
		{6AA1F0B5-8235-4C5E-AF10-AC905963F36D}.DLL ReleaseMT|Win32.ActiveCfg = DLL ReleaseMT|Win32
		{6AA1F0B5-8235-4C5E-AF10-AC905963F36D}.DLL ReleaseMT|Win32.Build.0 = DLL ReleaseMT|Win32
		{6AA1F0B5-8235-4C5E-AF10-AC905963F36D}.Lib Debug|Win32.ActiveCfg = Lib Debug|Win32
		{6AA1F0B5-8235-4C5E-AF10-AC905963F36D}.Lib Debug|Win32.Build.0 = Lib Debug|Win32
		{6AA1F0B5-8235-4C5E-AF10-AC905963F36D}.LIB DebugMT|Win32.ActiveCfg = LIB DebugMT|Win32
		{6AA1F0B5-8235-4C5E-AF10-AC905963F36D}.LIB DebugMT|Win32.Build.0 = LIB DebugMT|Win32
		{6AA1F0B5-8235-4C5E-AF10-AC905963F36D}.Lib Release|Win32.ActiveCfg = Lib Release|Win32
		{6AA1F0B5-8235-4C5E-AF10-AC905963F36D}.Lib Release|Win32.Build.0 = Lib Release|Win32
		{6AA1F0B5-8235-4C5E-AF10-AC905963F36D}.LIB ReleaseMT|Win32.ActiveCfg = LIB ReleaseMT|Win32
		{6AA1F0B5-8235-4C5E-AF10-AC905963F36D}.LIB ReleaseMT|Win32.Build.0 = LIB ReleaseMT|Win32
		{39B0C145-F72A-4B1E-8902-B96378908D05}.DLL Debug|Win32.ActiveCfg = DLL Debug|Win32
		{39B0C145-F72A-4B1E-8902-B96378908D05}.DLL Debug|Win32.Build.0 = DLL Debug|Win32
		{39B0C145-F72A-4B1E-8902-B96378908D05}.DLL DebugMT|Win32.ActiveCfg = DLL DebugMT|Win32
		{39B0C145-F72A-4B1E-8902-B96378908D05}.DLL DebugMT|Win32.Build.0 = DLL DebugMT|Win32
		{39B0C145-F72A-4B1E-8902-B96378908D05}.DLL Release|Win32.ActiveCfg = DLL Release|Win32
		{39B0C145-F72A-4B1E-8902-B96378908D05}.DLL Release|Win32.Build.0 = DLL Release|Win32
		{39B0C145-F72A-4B1E-8902-B96378908D05}.DLL ReleaseMT|Win32.ActiveCfg = DLL ReleaseMT|Win32
		{39B0C145-F72A-4B1E-8902-B96378908D05}.DLL ReleaseMT|Win32.Build.0 = DLL ReleaseMT|Win32
		{39B0C145-F72A-4B1E-8902-B96378908D05}.Lib Debug|Win32.ActiveCfg = LIB DebugMT|Win32
		{39B0C145-F72A-4B1E-8902-B96378908D05}.Lib Debug|Win32.Build.0 = LIB DebugMT|Win32
		{39B0C145-F72A-4B1E-8902-B96378908D05}.LIB DebugMT|Win32.ActiveCfg = LIB DebugMT|Win32
		{39B0C145-F72A-4B1E-8902-B96378908D05}.LIB DebugMT|Win32.Build.0 = LIB DebugMT|Win32
		{39B0C145-F72A-4B1E-8902-B96378908D05}.Lib Release|Win32.ActiveCfg = LIB ReleaseMT|Win32
		{39B0C145-F72A-4B1E-8902-B96378908D05}.Lib Release|Win32.Build.0 = LIB ReleaseMT|Win32
		{39B0C145-F72A-4B1E-8902-B96378908D05}.LIB ReleaseMT|Win32.ActiveCfg = LIB ReleaseMT|Win32
		{39B0C145-F72A-4B1E-8902-B96378908D05}.LIB ReleaseMT|Win32.Build.0 = LIB ReleaseMT|Win32
		{7C2F1B64-4902-4F3E-81AD-5942E9FAF0AE}.DLL Debug|Win32.ActiveCfg = DLL Debug|Win32
		{7C2F1B64-4902-4F3E-81AD-5942E9FAF0AE}.DLL Debug|Win32.Build.0 = DLL Debug|Win32
		{7C2F1B64-4902-4F3E-81AD-5942E9FAF0AE}.DLL DebugMT|Win32.ActiveCfg = DLL Debug|Win32
		{7C2F1B64-4902-4F3E-81AD-5942E9FAF0AE}.DLL DebugMT|Win32.Build.0 = DLL Debug|Win32
		{7C2F1B64-4902-4F3E-81AD-5942E9FAF0AE}.DLL Release|Win32.ActiveCfg = DLL Release|Win32
		{7C2F1B64-4902-4F3E-81AD-5942E9FAF0AE}.DLL Release|Win32.Build.0 = DLL Release|Win32
		{7C2F1B64-4902-4F3E-81AD-5942E9FAF0AE}.DLL ReleaseMT|Win32.ActiveCfg = DLL Release|Win32
		{7C2F1B64-4902-4F3E-81AD-5942E9FAF0AE}.DLL ReleaseMT|Win32.Build.0 = DLL Release|Win32
		{7C2F1B64-4902-4F3E-81AD-5942E9FAF0AE}.Lib Debug|Win32.ActiveCfg = DLL Release|Win32
		{7C2F1B64-4902-4F3E-81AD-5942E9FAF0AE}.Lib Debug|Win32.Build.0 = DLL Release|Win32
		{7C2F1B64-4902-4F3E-81AD-5942E9FAF0AE}.LIB DebugMT|Win32.ActiveCfg = DLL Release|Win32
		{7C2F1B64-4902-4F3E-81AD-5942E9FAF0AE}.LIB DebugMT|Win32.Build.0 = DLL Release|Win32
		{7C2F1B64-4902-4F3E-81AD-5942E9FAF0AE}.Lib Release|Win32.ActiveCfg = DLL Release|Win32
		{7C2F1B64-4902-4F3E-81AD-5942E9FAF0AE}.Lib Release|Win32.Build.0 = DLL Release|Win32
		{7C2F1B64-4902-4F3E-81AD-5942E9FAF0AE}.LIB ReleaseMT|Win32.ActiveCfg = DLL Release|Win32
		{7C2F1B64-4902-4F3E-81AD-5942E9FAF0AE}.LIB ReleaseMT|Win32.Build.0 = DLL Release|Win32
	EndGlobalSection
	GlobalSection(SolutionProperties) = preSolution
		HideSolutionNode = FALSE
	EndGlobalSection
EndGlobal
