
Microsoft Visual Studio Solution File, Format Version 9.00
# Visual Studio 2005
Project("{2150E333-8FDC-42A3-9474-1A3956D46DE8}") = "Test", "Test", "{EE0111F9-EB38-4871-B636-A70456204B2B}"
EndProject
Project("{2150E333-8FDC-42A3-9474-1A3956D46DE8}") = "lib", "lib", "{901C4E4B-5332-4E13-9DF4-CBD11278979E}"
EndProject
Project("{8BC9CEB8-8B4A-11D0-8D11-00A0C91BC942}") = "WBParseWrapper_VC90", "..\WBParseWrapper\WBParseWrapper_VC80.vcproj", "{BD06DDE8-EDF1-4CFD-875E-87FFFF8FABA5}"
EndProject
Project("{8BC9CEB8-8B4A-11D0-8D11-00A0C91BC942}") = "WeiBo_VC80", "..\WeiBo SDK\libWeiBo_VS2005.vcproj", "{5818E6D1-01B3-47EA-8472-97011F22FCE5}"
EndProject
Project("{8BC9CEB8-8B4A-11D0-8D11-00A0C91BC942}") = "test_VC80", "..\WeiBo SDK\test\test_VS2005.vcproj", "{88346A30-A4E3-4D35-AEE7-9E4BB08F8E56}"
EndProject
Global
	GlobalSection(SolutionConfigurationPlatforms) = preSolution
		DLL Debug|Win32 = DLL Debug|Win32
		DLL DebugMT|Win32 = DLL DebugMT|Win32
		DLL Release|Win32 = DLL Release|Win32
		DLL ReleaseMT|Win32 = DLL ReleaseMT|Win32
		Lib Debug|Win32 = Lib Debug|Win32
		LIB DebugMT|Win32 = LIB DebugMT|Win32
		Lib Release|Win32 = Lib Release|Win32
		LIB ReleaseMT|Win32 = LIB ReleaseMT|Win32
	EndGlobalSection
	GlobalSection(ProjectConfigurationPlatforms) = postSolution
		{BD06DDE8-EDF1-4CFD-875E-87FFFF8FABA5}.DLL Debug|Win32.ActiveCfg = DLL Debug|Win32
		{BD06DDE8-EDF1-4CFD-875E-87FFFF8FABA5}.DLL Debug|Win32.Build.0 = DLL Debug|Win32
		{BD06DDE8-EDF1-4CFD-875E-87FFFF8FABA5}.DLL DebugMT|Win32.ActiveCfg = DLL Debug|Win32
		{BD06DDE8-EDF1-4CFD-875E-87FFFF8FABA5}.DLL DebugMT|Win32.Build.0 = DLL Debug|Win32
		{BD06DDE8-EDF1-4CFD-875E-87FFFF8FABA5}.DLL Release|Win32.ActiveCfg = DLL Release|Win32
		{BD06DDE8-EDF1-4CFD-875E-87FFFF8FABA5}.DLL Release|Win32.Build.0 = DLL Release|Win32
		{BD06DDE8-EDF1-4CFD-875E-87FFFF8FABA5}.DLL ReleaseMT|Win32.ActiveCfg = DLL Release|Win32
		{BD06DDE8-EDF1-4CFD-875E-87FFFF8FABA5}.DLL ReleaseMT|Win32.Build.0 = DLL Release|Win32
		{BD06DDE8-EDF1-4CFD-875E-87FFFF8FABA5}.Lib Debug|Win32.ActiveCfg = DLL Release|Win32
		{BD06DDE8-EDF1-4CFD-875E-87FFFF8FABA5}.Lib Debug|Win32.Build.0 = DLL Release|Win32
		{BD06DDE8-EDF1-4CFD-875E-87FFFF8FABA5}.LIB DebugMT|Win32.ActiveCfg = DLL Release|Win32
		{BD06DDE8-EDF1-4CFD-875E-87FFFF8FABA5}.LIB DebugMT|Win32.Build.0 = DLL Release|Win32
		{BD06DDE8-EDF1-4CFD-875E-87FFFF8FABA5}.Lib Release|Win32.ActiveCfg = DLL Release|Win32
		{BD06DDE8-EDF1-4CFD-875E-87FFFF8FABA5}.Lib Release|Win32.Build.0 = DLL Release|Win32
		{BD06DDE8-EDF1-4CFD-875E-87FFFF8FABA5}.LIB ReleaseMT|Win32.ActiveCfg = DLL Release|Win32
		{BD06DDE8-EDF1-4CFD-875E-87FFFF8FABA5}.LIB ReleaseMT|Win32.Build.0 = DLL Release|Win32
		{5818E6D1-01B3-47EA-8472-97011F22FCE5}.DLL Debug|Win32.ActiveCfg = DLL Debug|Win32
		{5818E6D1-01B3-47EA-8472-97011F22FCE5}.DLL Debug|Win32.Build.0 = DLL Debug|Win32
		{5818E6D1-01B3-47EA-8472-97011F22FCE5}.DLL DebugMT|Win32.ActiveCfg = DLL DebugMT|Win32
		{5818E6D1-01B3-47EA-8472-97011F22FCE5}.DLL DebugMT|Win32.Build.0 = DLL DebugMT|Win32
		{5818E6D1-01B3-47EA-8472-97011F22FCE5}.DLL Release|Win32.ActiveCfg = DLL Release|Win32
		{5818E6D1-01B3-47EA-8472-97011F22FCE5}.DLL Release|Win32.Build.0 = DLL Release|Win32
		{5818E6D1-01B3-47EA-8472-97011F22FCE5}.DLL ReleaseMT|Win32.ActiveCfg = DLL ReleaseMT|Win32
		{5818E6D1-01B3-47EA-8472-97011F22FCE5}.DLL ReleaseMT|Win32.Build.0 = DLL ReleaseMT|Win32
		{5818E6D1-01B3-47EA-8472-97011F22FCE5}.Lib Debug|Win32.ActiveCfg = Lib Debug|Win32
		{5818E6D1-01B3-47EA-8472-97011F22FCE5}.Lib Debug|Win32.Build.0 = Lib Debug|Win32
		{5818E6D1-01B3-47EA-8472-97011F22FCE5}.LIB DebugMT|Win32.ActiveCfg = LIB DebugMT|Win32
		{5818E6D1-01B3-47EA-8472-97011F22FCE5}.LIB DebugMT|Win32.Build.0 = LIB DebugMT|Win32
		{5818E6D1-01B3-47EA-8472-97011F22FCE5}.Lib Release|Win32.ActiveCfg = Lib Release|Win32
		{5818E6D1-01B3-47EA-8472-97011F22FCE5}.Lib Release|Win32.Build.0 = Lib Release|Win32
		{5818E6D1-01B3-47EA-8472-97011F22FCE5}.LIB ReleaseMT|Win32.ActiveCfg = LIB ReleaseMT|Win32
		{5818E6D1-01B3-47EA-8472-97011F22FCE5}.LIB ReleaseMT|Win32.Build.0 = LIB ReleaseMT|Win32
		{88346A30-A4E3-4D35-AEE7-9E4BB08F8E56}.DLL Debug|Win32.ActiveCfg = DLL Debug|Win32
		{88346A30-A4E3-4D35-AEE7-9E4BB08F8E56}.DLL Debug|Win32.Build.0 = DLL Debug|Win32
		{88346A30-A4E3-4D35-AEE7-9E4BB08F8E56}.DLL DebugMT|Win32.ActiveCfg = DLL DebugMT|Win32
		{88346A30-A4E3-4D35-AEE7-9E4BB08F8E56}.DLL DebugMT|Win32.Build.0 = DLL DebugMT|Win32
		{88346A30-A4E3-4D35-AEE7-9E4BB08F8E56}.DLL Release|Win32.ActiveCfg = DLL Release|Win32
		{88346A30-A4E3-4D35-AEE7-9E4BB08F8E56}.DLL Release|Win32.Build.0 = DLL Release|Win32
		{88346A30-A4E3-4D35-AEE7-9E4BB08F8E56}.DLL ReleaseMT|Win32.ActiveCfg = DLL ReleaseMT|Win32
		{88346A30-A4E3-4D35-AEE7-9E4BB08F8E56}.DLL ReleaseMT|Win32.Build.0 = DLL ReleaseMT|Win32
		{88346A30-A4E3-4D35-AEE7-9E4BB08F8E56}.Lib Debug|Win32.ActiveCfg = LIB DebugMT|Win32
		{88346A30-A4E3-4D35-AEE7-9E4BB08F8E56}.Lib Debug|Win32.Build.0 = LIB DebugMT|Win32
		{88346A30-A4E3-4D35-AEE7-9E4BB08F8E56}.LIB DebugMT|Win32.ActiveCfg = LIB DebugMT|Win32
		{88346A30-A4E3-4D35-AEE7-9E4BB08F8E56}.LIB DebugMT|Win32.Build.0 = LIB DebugMT|Win32
		{88346A30-A4E3-4D35-AEE7-9E4BB08F8E56}.Lib Release|Win32.ActiveCfg = LIB ReleaseMT|Win32
		{88346A30-A4E3-4D35-AEE7-9E4BB08F8E56}.Lib Release|Win32.Build.0 = LIB ReleaseMT|Win32
		{88346A30-A4E3-4D35-AEE7-9E4BB08F8E56}.LIB ReleaseMT|Win32.ActiveCfg = LIB ReleaseMT|Win32
		{88346A30-A4E3-4D35-AEE7-9E4BB08F8E56}.LIB ReleaseMT|Win32.Build.0 = LIB ReleaseMT|Win32
	EndGlobalSection
	GlobalSection(SolutionProperties) = preSolution
		HideSolutionNode = FALSE
	EndGlobalSection
	GlobalSection(NestedProjects) = preSolution
		{BD06DDE8-EDF1-4CFD-875E-87FFFF8FABA5} = {901C4E4B-5332-4E13-9DF4-CBD11278979E}
		{5818E6D1-01B3-47EA-8472-97011F22FCE5} = {901C4E4B-5332-4E13-9DF4-CBD11278979E}
		{88346A30-A4E3-4D35-AEE7-9E4BB08F8E56} = {EE0111F9-EB38-4871-B636-A70456204B2B}
	EndGlobalSection
EndGlobal
