
Microsoft Visual Studio Solution File, Format Version 9.00
# Visual Studio 2005
Project("{8BC9CEB8-8B4A-11D0-8D11-00A0C91BC942}") = "libWeiboCE", "..\WeiBo SDK\libWeiboCE\libWeiboCE.vcproj", "{E621678F-68E8-43CD-AF73-0B7B5B3FF2D0}"
EndProject
Project("{8BC9CEB8-8B4A-11D0-8D11-00A0C91BC942}") = "TestCE", "..\WeiBo SDK\test\TestCE\TestCE.vcproj", "{24071E1E-C224-44AB-A3DA-D57B00F2BE13}"
EndProject
Project("{8BC9CEB8-8B4A-11D0-8D11-00A0C91BC942}") = "wbParserCE", "..\WeiBo SDK\wbParser\wbParserCE\wbParserCE.vcproj", "{13AA141B-A8D7-4227-A9D6-1C2881E67A49}"
EndProject
Global
	GlobalSection(SolutionConfigurationPlatforms) = preSolution
		Debug|Pocket PC 2003 (ARMV4) = Debug|Pocket PC 2003 (ARMV4)
		Debug|Smartphone 2003 (ARMV4) = Debug|Smartphone 2003 (ARMV4)
		Debug|STANDARDSDK_500 (ARMV4I) = Debug|STANDARDSDK_500 (ARMV4I)
		Debug|STANDARDSDK_500 (MIPSII) = Debug|STANDARDSDK_500 (MIPSII)
		Debug|STANDARDSDK_500 (MIPSII_FP) = Debug|STANDARDSDK_500 (MIPSII_FP)
		Debug|STANDARDSDK_500 (MIPSIV) = Debug|STANDARDSDK_500 (MIPSIV)
		Debug|STANDARDSDK_500 (MIPSIV_FP) = Debug|STANDARDSDK_500 (MIPSIV_FP)
		Debug|STANDARDSDK_500 (SH4) = Debug|STANDARDSDK_500 (SH4)
		Debug|STANDARDSDK_500 (x86) = Debug|STANDARDSDK_500 (x86)
		DLL Debug|Pocket PC 2003 (ARMV4) = DLL Debug|Pocket PC 2003 (ARMV4)
		DLL Debug|Smartphone 2003 (ARMV4) = DLL Debug|Smartphone 2003 (ARMV4)
		DLL Debug|STANDARDSDK_500 (ARMV4I) = DLL Debug|STANDARDSDK_500 (ARMV4I)
		DLL Debug|STANDARDSDK_500 (MIPSII) = DLL Debug|STANDARDSDK_500 (MIPSII)
		DLL Debug|STANDARDSDK_500 (MIPSII_FP) = DLL Debug|STANDARDSDK_500 (MIPSII_FP)
		DLL Debug|STANDARDSDK_500 (MIPSIV) = DLL Debug|STANDARDSDK_500 (MIPSIV)
		DLL Debug|STANDARDSDK_500 (MIPSIV_FP) = DLL Debug|STANDARDSDK_500 (MIPSIV_FP)
		DLL Debug|STANDARDSDK_500 (SH4) = DLL Debug|STANDARDSDK_500 (SH4)
		DLL Debug|STANDARDSDK_500 (x86) = DLL Debug|STANDARDSDK_500 (x86)
		DLL Release|Pocket PC 2003 (ARMV4) = DLL Release|Pocket PC 2003 (ARMV4)
		DLL Release|Smartphone 2003 (ARMV4) = DLL Release|Smartphone 2003 (ARMV4)
		DLL Release|STANDARDSDK_500 (ARMV4I) = DLL Release|STANDARDSDK_500 (ARMV4I)
		DLL Release|STANDARDSDK_500 (MIPSII) = DLL Release|STANDARDSDK_500 (MIPSII)
		DLL Release|STANDARDSDK_500 (MIPSII_FP) = DLL Release|STANDARDSDK_500 (MIPSII_FP)
		DLL Release|STANDARDSDK_500 (MIPSIV) = DLL Release|STANDARDSDK_500 (MIPSIV)
		DLL Release|STANDARDSDK_500 (MIPSIV_FP) = DLL Release|STANDARDSDK_500 (MIPSIV_FP)
		DLL Release|STANDARDSDK_500 (SH4) = DLL Release|STANDARDSDK_500 (SH4)
		DLL Release|STANDARDSDK_500 (x86) = DLL Release|STANDARDSDK_500 (x86)
		Release|Pocket PC 2003 (ARMV4) = Release|Pocket PC 2003 (ARMV4)
		Release|Smartphone 2003 (ARMV4) = Release|Smartphone 2003 (ARMV4)
		Release|STANDARDSDK_500 (ARMV4I) = Release|STANDARDSDK_500 (ARMV4I)
		Release|STANDARDSDK_500 (MIPSII) = Release|STANDARDSDK_500 (MIPSII)
		Release|STANDARDSDK_500 (MIPSII_FP) = Release|STANDARDSDK_500 (MIPSII_FP)
		Release|STANDARDSDK_500 (MIPSIV) = Release|STANDARDSDK_500 (MIPSIV)
		Release|STANDARDSDK_500 (MIPSIV_FP) = Release|STANDARDSDK_500 (MIPSIV_FP)
		Release|STANDARDSDK_500 (SH4) = Release|STANDARDSDK_500 (SH4)
		Release|STANDARDSDK_500 (x86) = Release|STANDARDSDK_500 (x86)
	EndGlobalSection
	GlobalSection(ProjectConfigurationPlatforms) = postSolution
		{E621678F-68E8-43CD-AF73-0B7B5B3FF2D0}.Debug|Pocket PC 2003 (ARMV4).ActiveCfg = DLL Release|STANDARDSDK_500 (MIPSIV_FP)
		{E621678F-68E8-43CD-AF73-0B7B5B3FF2D0}.Debug|Smartphone 2003 (ARMV4).ActiveCfg = DLL Release|STANDARDSDK_500 (MIPSIV_FP)
		{E621678F-68E8-43CD-AF73-0B7B5B3FF2D0}.Debug|STANDARDSDK_500 (ARMV4I).ActiveCfg = DLL Debug|STANDARDSDK_500 (ARMV4I)
		{E621678F-68E8-43CD-AF73-0B7B5B3FF2D0}.Debug|STANDARDSDK_500 (ARMV4I).Build.0 = DLL Debug|STANDARDSDK_500 (ARMV4I)
		{E621678F-68E8-43CD-AF73-0B7B5B3FF2D0}.Debug|STANDARDSDK_500 (ARMV4I).Deploy.0 = DLL Debug|STANDARDSDK_500 (ARMV4I)
		{E621678F-68E8-43CD-AF73-0B7B5B3FF2D0}.Debug|STANDARDSDK_500 (MIPSII).ActiveCfg = DLL Debug|STANDARDSDK_500 (MIPSII)
		{E621678F-68E8-43CD-AF73-0B7B5B3FF2D0}.Debug|STANDARDSDK_500 (MIPSII).Build.0 = DLL Debug|STANDARDSDK_500 (MIPSII)
		{E621678F-68E8-43CD-AF73-0B7B5B3FF2D0}.Debug|STANDARDSDK_500 (MIPSII).Deploy.0 = DLL Debug|STANDARDSDK_500 (MIPSII)
		{E621678F-68E8-43CD-AF73-0B7B5B3FF2D0}.Debug|STANDARDSDK_500 (MIPSII_FP).ActiveCfg = DLL Debug|STANDARDSDK_500 (MIPSII_FP)
		{E621678F-68E8-43CD-AF73-0B7B5B3FF2D0}.Debug|STANDARDSDK_500 (MIPSII_FP).Build.0 = DLL Debug|STANDARDSDK_500 (MIPSII_FP)
		{E621678F-68E8-43CD-AF73-0B7B5B3FF2D0}.Debug|STANDARDSDK_500 (MIPSII_FP).Deploy.0 = DLL Debug|STANDARDSDK_500 (MIPSII_FP)
		{E621678F-68E8-43CD-AF73-0B7B5B3FF2D0}.Debug|STANDARDSDK_500 (MIPSIV).ActiveCfg = DLL Debug|STANDARDSDK_500 (MIPSIV)
		{E621678F-68E8-43CD-AF73-0B7B5B3FF2D0}.Debug|STANDARDSDK_500 (MIPSIV).Build.0 = DLL Debug|STANDARDSDK_500 (MIPSIV)
		{E621678F-68E8-43CD-AF73-0B7B5B3FF2D0}.Debug|STANDARDSDK_500 (MIPSIV).Deploy.0 = DLL Debug|STANDARDSDK_500 (MIPSIV)
		{E621678F-68E8-43CD-AF73-0B7B5B3FF2D0}.Debug|STANDARDSDK_500 (MIPSIV_FP).ActiveCfg = DLL Debug|STANDARDSDK_500 (MIPSIV_FP)
		{E621678F-68E8-43CD-AF73-0B7B5B3FF2D0}.Debug|STANDARDSDK_500 (MIPSIV_FP).Build.0 = DLL Debug|STANDARDSDK_500 (MIPSIV_FP)
		{E621678F-68E8-43CD-AF73-0B7B5B3FF2D0}.Debug|STANDARDSDK_500 (MIPSIV_FP).Deploy.0 = DLL Debug|STANDARDSDK_500 (MIPSIV_FP)
		{E621678F-68E8-43CD-AF73-0B7B5B3FF2D0}.Debug|STANDARDSDK_500 (SH4).ActiveCfg = DLL Debug|STANDARDSDK_500 (SH4)
		{E621678F-68E8-43CD-AF73-0B7B5B3FF2D0}.Debug|STANDARDSDK_500 (SH4).Build.0 = DLL Debug|STANDARDSDK_500 (SH4)
		{E621678F-68E8-43CD-AF73-0B7B5B3FF2D0}.Debug|STANDARDSDK_500 (SH4).Deploy.0 = DLL Debug|STANDARDSDK_500 (SH4)
		{E621678F-68E8-43CD-AF73-0B7B5B3FF2D0}.Debug|STANDARDSDK_500 (x86).ActiveCfg = DLL Debug|STANDARDSDK_500 (x86)
		{E621678F-68E8-43CD-AF73-0B7B5B3FF2D0}.Debug|STANDARDSDK_500 (x86).Build.0 = DLL Debug|STANDARDSDK_500 (x86)
		{E621678F-68E8-43CD-AF73-0B7B5B3FF2D0}.Debug|STANDARDSDK_500 (x86).Deploy.0 = DLL Debug|STANDARDSDK_500 (x86)
		{E621678F-68E8-43CD-AF73-0B7B5B3FF2D0}.DLL Debug|Pocket PC 2003 (ARMV4).ActiveCfg = DLL Debug|STANDARDSDK_500 (MIPSIV_FP)
		{E621678F-68E8-43CD-AF73-0B7B5B3FF2D0}.DLL Debug|Smartphone 2003 (ARMV4).ActiveCfg = DLL Debug|STANDARDSDK_500 (MIPSIV_FP)
		{E621678F-68E8-43CD-AF73-0B7B5B3FF2D0}.DLL Debug|STANDARDSDK_500 (ARMV4I).ActiveCfg = DLL Debug|STANDARDSDK_500 (ARMV4I)
		{E621678F-68E8-43CD-AF73-0B7B5B3FF2D0}.DLL Debug|STANDARDSDK_500 (ARMV4I).Build.0 = DLL Debug|STANDARDSDK_500 (ARMV4I)
		{E621678F-68E8-43CD-AF73-0B7B5B3FF2D0}.DLL Debug|STANDARDSDK_500 (ARMV4I).Deploy.0 = DLL Debug|STANDARDSDK_500 (ARMV4I)
		{E621678F-68E8-43CD-AF73-0B7B5B3FF2D0}.DLL Debug|STANDARDSDK_500 (MIPSII).ActiveCfg = DLL Debug|STANDARDSDK_500 (MIPSII)
		{E621678F-68E8-43CD-AF73-0B7B5B3FF2D0}.DLL Debug|STANDARDSDK_500 (MIPSII).Build.0 = DLL Debug|STANDARDSDK_500 (MIPSII)
		{E621678F-68E8-43CD-AF73-0B7B5B3FF2D0}.DLL Debug|STANDARDSDK_500 (MIPSII).Deploy.0 = DLL Debug|STANDARDSDK_500 (MIPSII)
		{E621678F-68E8-43CD-AF73-0B7B5B3FF2D0}.DLL Debug|STANDARDSDK_500 (MIPSII_FP).ActiveCfg = DLL Debug|STANDARDSDK_500 (MIPSII_FP)
		{E621678F-68E8-43CD-AF73-0B7B5B3FF2D0}.DLL Debug|STANDARDSDK_500 (MIPSII_FP).Build.0 = DLL Debug|STANDARDSDK_500 (MIPSII_FP)
		{E621678F-68E8-43CD-AF73-0B7B5B3FF2D0}.DLL Debug|STANDARDSDK_500 (MIPSII_FP).Deploy.0 = DLL Debug|STANDARDSDK_500 (MIPSII_FP)
		{E621678F-68E8-43CD-AF73-0B7B5B3FF2D0}.DLL Debug|STANDARDSDK_500 (MIPSIV).ActiveCfg = DLL Debug|STANDARDSDK_500 (MIPSIV)
		{E621678F-68E8-43CD-AF73-0B7B5B3FF2D0}.DLL Debug|STANDARDSDK_500 (MIPSIV).Build.0 = DLL Debug|STANDARDSDK_500 (MIPSIV)
		{E621678F-68E8-43CD-AF73-0B7B5B3FF2D0}.DLL Debug|STANDARDSDK_500 (MIPSIV).Deploy.0 = DLL Debug|STANDARDSDK_500 (MIPSIV)
		{E621678F-68E8-43CD-AF73-0B7B5B3FF2D0}.DLL Debug|STANDARDSDK_500 (MIPSIV_FP).ActiveCfg = DLL Debug|STANDARDSDK_500 (MIPSIV_FP)
		{E621678F-68E8-43CD-AF73-0B7B5B3FF2D0}.DLL Debug|STANDARDSDK_500 (MIPSIV_FP).Build.0 = DLL Debug|STANDARDSDK_500 (MIPSIV_FP)
		{E621678F-68E8-43CD-AF73-0B7B5B3FF2D0}.DLL Debug|STANDARDSDK_500 (MIPSIV_FP).Deploy.0 = DLL Debug|STANDARDSDK_500 (MIPSIV_FP)
		{E621678F-68E8-43CD-AF73-0B7B5B3FF2D0}.DLL Debug|STANDARDSDK_500 (SH4).ActiveCfg = DLL Debug|STANDARDSDK_500 (SH4)
		{E621678F-68E8-43CD-AF73-0B7B5B3FF2D0}.DLL Debug|STANDARDSDK_500 (SH4).Build.0 = DLL Debug|STANDARDSDK_500 (SH4)
		{E621678F-68E8-43CD-AF73-0B7B5B3FF2D0}.DLL Debug|STANDARDSDK_500 (SH4).Deploy.0 = DLL Debug|STANDARDSDK_500 (SH4)
		{E621678F-68E8-43CD-AF73-0B7B5B3FF2D0}.DLL Debug|STANDARDSDK_500 (x86).ActiveCfg = DLL Debug|STANDARDSDK_500 (x86)
		{E621678F-68E8-43CD-AF73-0B7B5B3FF2D0}.DLL Debug|STANDARDSDK_500 (x86).Build.0 = DLL Debug|STANDARDSDK_500 (x86)
		{E621678F-68E8-43CD-AF73-0B7B5B3FF2D0}.DLL Debug|STANDARDSDK_500 (x86).Deploy.0 = DLL Debug|STANDARDSDK_500 (x86)
		{E621678F-68E8-43CD-AF73-0B7B5B3FF2D0}.DLL Release|Pocket PC 2003 (ARMV4).ActiveCfg = DLL Release|STANDARDSDK_500 (MIPSIV_FP)
		{E621678F-68E8-43CD-AF73-0B7B5B3FF2D0}.DLL Release|Smartphone 2003 (ARMV4).ActiveCfg = DLL Release|STANDARDSDK_500 (MIPSIV_FP)
		{E621678F-68E8-43CD-AF73-0B7B5B3FF2D0}.DLL Release|STANDARDSDK_500 (ARMV4I).ActiveCfg = DLL Release|STANDARDSDK_500 (ARMV4I)
		{E621678F-68E8-43CD-AF73-0B7B5B3FF2D0}.DLL Release|STANDARDSDK_500 (ARMV4I).Build.0 = DLL Release|STANDARDSDK_500 (ARMV4I)
		{E621678F-68E8-43CD-AF73-0B7B5B3FF2D0}.DLL Release|STANDARDSDK_500 (ARMV4I).Deploy.0 = DLL Release|STANDARDSDK_500 (ARMV4I)
		{E621678F-68E8-43CD-AF73-0B7B5B3FF2D0}.DLL Release|STANDARDSDK_500 (MIPSII).ActiveCfg = DLL Release|STANDARDSDK_500 (MIPSII)
		{E621678F-68E8-43CD-AF73-0B7B5B3FF2D0}.DLL Release|STANDARDSDK_500 (MIPSII).Build.0 = DLL Release|STANDARDSDK_500 (MIPSII)
		{E621678F-68E8-43CD-AF73-0B7B5B3FF2D0}.DLL Release|STANDARDSDK_500 (MIPSII).Deploy.0 = DLL Release|STANDARDSDK_500 (MIPSII)
		{E621678F-68E8-43CD-AF73-0B7B5B3FF2D0}.DLL Release|STANDARDSDK_500 (MIPSII_FP).ActiveCfg = DLL Release|STANDARDSDK_500 (MIPSII_FP)
		{E621678F-68E8-43CD-AF73-0B7B5B3FF2D0}.DLL Release|STANDARDSDK_500 (MIPSII_FP).Build.0 = DLL Release|STANDARDSDK_500 (MIPSII_FP)
		{E621678F-68E8-43CD-AF73-0B7B5B3FF2D0}.DLL Release|STANDARDSDK_500 (MIPSII_FP).Deploy.0 = DLL Release|STANDARDSDK_500 (MIPSII_FP)
		{E621678F-68E8-43CD-AF73-0B7B5B3FF2D0}.DLL Release|STANDARDSDK_500 (MIPSIV).ActiveCfg = DLL Release|STANDARDSDK_500 (MIPSIV)
		{E621678F-68E8-43CD-AF73-0B7B5B3FF2D0}.DLL Release|STANDARDSDK_500 (MIPSIV).Build.0 = DLL Release|STANDARDSDK_500 (MIPSIV)
		{E621678F-68E8-43CD-AF73-0B7B5B3FF2D0}.DLL Release|STANDARDSDK_500 (MIPSIV).Deploy.0 = DLL Release|STANDARDSDK_500 (MIPSIV)
		{E621678F-68E8-43CD-AF73-0B7B5B3FF2D0}.DLL Release|STANDARDSDK_500 (MIPSIV_FP).ActiveCfg = DLL Release|STANDARDSDK_500 (MIPSIV_FP)
		{E621678F-68E8-43CD-AF73-0B7B5B3FF2D0}.DLL Release|STANDARDSDK_500 (MIPSIV_FP).Build.0 = DLL Release|STANDARDSDK_500 (MIPSIV_FP)
		{E621678F-68E8-43CD-AF73-0B7B5B3FF2D0}.DLL Release|STANDARDSDK_500 (MIPSIV_FP).Deploy.0 = DLL Release|STANDARDSDK_500 (MIPSIV_FP)
		{E621678F-68E8-43CD-AF73-0B7B5B3FF2D0}.DLL Release|STANDARDSDK_500 (SH4).ActiveCfg = DLL Release|STANDARDSDK_500 (SH4)
		{E621678F-68E8-43CD-AF73-0B7B5B3FF2D0}.DLL Release|STANDARDSDK_500 (SH4).Build.0 = DLL Release|STANDARDSDK_500 (SH4)
		{E621678F-68E8-43CD-AF73-0B7B5B3FF2D0}.DLL Release|STANDARDSDK_500 (SH4).Deploy.0 = DLL Release|STANDARDSDK_500 (SH4)
		{E621678F-68E8-43CD-AF73-0B7B5B3FF2D0}.DLL Release|STANDARDSDK_500 (x86).ActiveCfg = DLL Release|STANDARDSDK_500 (x86)
		{E621678F-68E8-43CD-AF73-0B7B5B3FF2D0}.DLL Release|STANDARDSDK_500 (x86).Build.0 = DLL Release|STANDARDSDK_500 (x86)
		{E621678F-68E8-43CD-AF73-0B7B5B3FF2D0}.DLL Release|STANDARDSDK_500 (x86).Deploy.0 = DLL Release|STANDARDSDK_500 (x86)
		{E621678F-68E8-43CD-AF73-0B7B5B3FF2D0}.Release|Pocket PC 2003 (ARMV4).ActiveCfg = DLL Release|STANDARDSDK_500 (MIPSIV_FP)
		{E621678F-68E8-43CD-AF73-0B7B5B3FF2D0}.Release|Smartphone 2003 (ARMV4).ActiveCfg = DLL Release|STANDARDSDK_500 (MIPSIV_FP)
		{E621678F-68E8-43CD-AF73-0B7B5B3FF2D0}.Release|STANDARDSDK_500 (ARMV4I).ActiveCfg = DLL Release|STANDARDSDK_500 (ARMV4I)
		{E621678F-68E8-43CD-AF73-0B7B5B3FF2D0}.Release|STANDARDSDK_500 (ARMV4I).Build.0 = DLL Release|STANDARDSDK_500 (ARMV4I)
		{E621678F-68E8-43CD-AF73-0B7B5B3FF2D0}.Release|STANDARDSDK_500 (ARMV4I).Deploy.0 = DLL Release|STANDARDSDK_500 (ARMV4I)
		{E621678F-68E8-43CD-AF73-0B7B5B3FF2D0}.Release|STANDARDSDK_500 (MIPSII).ActiveCfg = DLL Release|STANDARDSDK_500 (MIPSII)
		{E621678F-68E8-43CD-AF73-0B7B5B3FF2D0}.Release|STANDARDSDK_500 (MIPSII).Build.0 = DLL Release|STANDARDSDK_500 (MIPSII)
		{E621678F-68E8-43CD-AF73-0B7B5B3FF2D0}.Release|STANDARDSDK_500 (MIPSII).Deploy.0 = DLL Release|STANDARDSDK_500 (MIPSII)
		{E621678F-68E8-43CD-AF73-0B7B5B3FF2D0}.Release|STANDARDSDK_500 (MIPSII_FP).ActiveCfg = DLL Release|STANDARDSDK_500 (MIPSII_FP)
		{E621678F-68E8-43CD-AF73-0B7B5B3FF2D0}.Release|STANDARDSDK_500 (MIPSII_FP).Build.0 = DLL Release|STANDARDSDK_500 (MIPSII_FP)
		{E621678F-68E8-43CD-AF73-0B7B5B3FF2D0}.Release|STANDARDSDK_500 (MIPSII_FP).Deploy.0 = DLL Release|STANDARDSDK_500 (MIPSII_FP)
		{E621678F-68E8-43CD-AF73-0B7B5B3FF2D0}.Release|STANDARDSDK_500 (MIPSIV).ActiveCfg = DLL Release|STANDARDSDK_500 (MIPSIV)
		{E621678F-68E8-43CD-AF73-0B7B5B3FF2D0}.Release|STANDARDSDK_500 (MIPSIV).Build.0 = DLL Release|STANDARDSDK_500 (MIPSIV)
		{E621678F-68E8-43CD-AF73-0B7B5B3FF2D0}.Release|STANDARDSDK_500 (MIPSIV).Deploy.0 = DLL Release|STANDARDSDK_500 (MIPSIV)
		{E621678F-68E8-43CD-AF73-0B7B5B3FF2D0}.Release|STANDARDSDK_500 (MIPSIV_FP).ActiveCfg = DLL Release|STANDARDSDK_500 (MIPSIV_FP)
		{E621678F-68E8-43CD-AF73-0B7B5B3FF2D0}.Release|STANDARDSDK_500 (MIPSIV_FP).Build.0 = DLL Release|STANDARDSDK_500 (MIPSIV_FP)
		{E621678F-68E8-43CD-AF73-0B7B5B3FF2D0}.Release|STANDARDSDK_500 (MIPSIV_FP).Deploy.0 = DLL Release|STANDARDSDK_500 (MIPSIV_FP)
		{E621678F-68E8-43CD-AF73-0B7B5B3FF2D0}.Release|STANDARDSDK_500 (SH4).ActiveCfg = DLL Release|STANDARDSDK_500 (SH4)
		{E621678F-68E8-43CD-AF73-0B7B5B3FF2D0}.Release|STANDARDSDK_500 (SH4).Build.0 = DLL Release|STANDARDSDK_500 (SH4)
		{E621678F-68E8-43CD-AF73-0B7B5B3FF2D0}.Release|STANDARDSDK_500 (SH4).Deploy.0 = DLL Release|STANDARDSDK_500 (SH4)
		{E621678F-68E8-43CD-AF73-0B7B5B3FF2D0}.Release|STANDARDSDK_500 (x86).ActiveCfg = DLL Release|STANDARDSDK_500 (x86)
		{E621678F-68E8-43CD-AF73-0B7B5B3FF2D0}.Release|STANDARDSDK_500 (x86).Build.0 = DLL Release|STANDARDSDK_500 (x86)
		{E621678F-68E8-43CD-AF73-0B7B5B3FF2D0}.Release|STANDARDSDK_500 (x86).Deploy.0 = DLL Release|STANDARDSDK_500 (x86)
		{24071E1E-C224-44AB-A3DA-D57B00F2BE13}.Debug|Pocket PC 2003 (ARMV4).ActiveCfg = DLL Release|STANDARDSDK_500 (MIPSIV_FP)
		{24071E1E-C224-44AB-A3DA-D57B00F2BE13}.Debug|Smartphone 2003 (ARMV4).ActiveCfg = DLL Release|STANDARDSDK_500 (MIPSIV_FP)
		{24071E1E-C224-44AB-A3DA-D57B00F2BE13}.Debug|STANDARDSDK_500 (ARMV4I).ActiveCfg = DLL Debug|STANDARDSDK_500 (ARMV4I)
		{24071E1E-C224-44AB-A3DA-D57B00F2BE13}.Debug|STANDARDSDK_500 (ARMV4I).Build.0 = DLL Debug|STANDARDSDK_500 (ARMV4I)
		{24071E1E-C224-44AB-A3DA-D57B00F2BE13}.Debug|STANDARDSDK_500 (ARMV4I).Deploy.0 = DLL Debug|STANDARDSDK_500 (ARMV4I)
		{24071E1E-C224-44AB-A3DA-D57B00F2BE13}.Debug|STANDARDSDK_500 (MIPSII).ActiveCfg = DLL Debug|STANDARDSDK_500 (MIPSII)
		{24071E1E-C224-44AB-A3DA-D57B00F2BE13}.Debug|STANDARDSDK_500 (MIPSII).Build.0 = DLL Debug|STANDARDSDK_500 (MIPSII)
		{24071E1E-C224-44AB-A3DA-D57B00F2BE13}.Debug|STANDARDSDK_500 (MIPSII).Deploy.0 = DLL Debug|STANDARDSDK_500 (MIPSII)
		{24071E1E-C224-44AB-A3DA-D57B00F2BE13}.Debug|STANDARDSDK_500 (MIPSII_FP).ActiveCfg = DLL Debug|STANDARDSDK_500 (MIPSII_FP)
		{24071E1E-C224-44AB-A3DA-D57B00F2BE13}.Debug|STANDARDSDK_500 (MIPSII_FP).Build.0 = DLL Debug|STANDARDSDK_500 (MIPSII_FP)
		{24071E1E-C224-44AB-A3DA-D57B00F2BE13}.Debug|STANDARDSDK_500 (MIPSII_FP).Deploy.0 = DLL Debug|STANDARDSDK_500 (MIPSII_FP)
		{24071E1E-C224-44AB-A3DA-D57B00F2BE13}.Debug|STANDARDSDK_500 (MIPSIV).ActiveCfg = DLL Debug|STANDARDSDK_500 (MIPSIV)
		{24071E1E-C224-44AB-A3DA-D57B00F2BE13}.Debug|STANDARDSDK_500 (MIPSIV).Build.0 = DLL Debug|STANDARDSDK_500 (MIPSIV)
		{24071E1E-C224-44AB-A3DA-D57B00F2BE13}.Debug|STANDARDSDK_500 (MIPSIV).Deploy.0 = DLL Debug|STANDARDSDK_500 (MIPSIV)
		{24071E1E-C224-44AB-A3DA-D57B00F2BE13}.Debug|STANDARDSDK_500 (MIPSIV_FP).ActiveCfg = DLL Debug|STANDARDSDK_500 (MIPSIV_FP)
		{24071E1E-C224-44AB-A3DA-D57B00F2BE13}.Debug|STANDARDSDK_500 (MIPSIV_FP).Build.0 = DLL Debug|STANDARDSDK_500 (MIPSIV_FP)
		{24071E1E-C224-44AB-A3DA-D57B00F2BE13}.Debug|STANDARDSDK_500 (MIPSIV_FP).Deploy.0 = DLL Debug|STANDARDSDK_500 (MIPSIV_FP)
		{24071E1E-C224-44AB-A3DA-D57B00F2BE13}.Debug|STANDARDSDK_500 (SH4).ActiveCfg = DLL Debug|STANDARDSDK_500 (SH4)
		{24071E1E-C224-44AB-A3DA-D57B00F2BE13}.Debug|STANDARDSDK_500 (SH4).Build.0 = DLL Debug|STANDARDSDK_500 (SH4)
		{24071E1E-C224-44AB-A3DA-D57B00F2BE13}.Debug|STANDARDSDK_500 (SH4).Deploy.0 = DLL Debug|STANDARDSDK_500 (SH4)
		{24071E1E-C224-44AB-A3DA-D57B00F2BE13}.Debug|STANDARDSDK_500 (x86).ActiveCfg = DLL Debug|STANDARDSDK_500 (x86)
		{24071E1E-C224-44AB-A3DA-D57B00F2BE13}.Debug|STANDARDSDK_500 (x86).Build.0 = DLL Debug|STANDARDSDK_500 (x86)
		{24071E1E-C224-44AB-A3DA-D57B00F2BE13}.Debug|STANDARDSDK_500 (x86).Deploy.0 = DLL Debug|STANDARDSDK_500 (x86)
		{24071E1E-C224-44AB-A3DA-D57B00F2BE13}.DLL Debug|Pocket PC 2003 (ARMV4).ActiveCfg = DLL Debug|STANDARDSDK_500 (MIPSIV_FP)
		{24071E1E-C224-44AB-A3DA-D57B00F2BE13}.DLL Debug|Smartphone 2003 (ARMV4).ActiveCfg = DLL Debug|STANDARDSDK_500 (MIPSIV_FP)
		{24071E1E-C224-44AB-A3DA-D57B00F2BE13}.DLL Debug|STANDARDSDK_500 (ARMV4I).ActiveCfg = DLL Debug|STANDARDSDK_500 (ARMV4I)
		{24071E1E-C224-44AB-A3DA-D57B00F2BE13}.DLL Debug|STANDARDSDK_500 (ARMV4I).Build.0 = DLL Debug|STANDARDSDK_500 (ARMV4I)
		{24071E1E-C224-44AB-A3DA-D57B00F2BE13}.DLL Debug|STANDARDSDK_500 (ARMV4I).Deploy.0 = DLL Debug|STANDARDSDK_500 (ARMV4I)
		{24071E1E-C224-44AB-A3DA-D57B00F2BE13}.DLL Debug|STANDARDSDK_500 (MIPSII).ActiveCfg = DLL Debug|STANDARDSDK_500 (MIPSII)
		{24071E1E-C224-44AB-A3DA-D57B00F2BE13}.DLL Debug|STANDARDSDK_500 (MIPSII).Build.0 = DLL Debug|STANDARDSDK_500 (MIPSII)
		{24071E1E-C224-44AB-A3DA-D57B00F2BE13}.DLL Debug|STANDARDSDK_500 (MIPSII).Deploy.0 = DLL Debug|STANDARDSDK_500 (MIPSII)
		{24071E1E-C224-44AB-A3DA-D57B00F2BE13}.DLL Debug|STANDARDSDK_500 (MIPSII_FP).ActiveCfg = DLL Debug|STANDARDSDK_500 (MIPSII_FP)
		{24071E1E-C224-44AB-A3DA-D57B00F2BE13}.DLL Debug|STANDARDSDK_500 (MIPSII_FP).Build.0 = DLL Debug|STANDARDSDK_500 (MIPSII_FP)
		{24071E1E-C224-44AB-A3DA-D57B00F2BE13}.DLL Debug|STANDARDSDK_500 (MIPSII_FP).Deploy.0 = DLL Debug|STANDARDSDK_500 (MIPSII_FP)
		{24071E1E-C224-44AB-A3DA-D57B00F2BE13}.DLL Debug|STANDARDSDK_500 (MIPSIV).ActiveCfg = DLL Debug|STANDARDSDK_500 (MIPSIV)
		{24071E1E-C224-44AB-A3DA-D57B00F2BE13}.DLL Debug|STANDARDSDK_500 (MIPSIV).Build.0 = DLL Debug|STANDARDSDK_500 (MIPSIV)
		{24071E1E-C224-44AB-A3DA-D57B00F2BE13}.DLL Debug|STANDARDSDK_500 (MIPSIV).Deploy.0 = DLL Debug|STANDARDSDK_500 (MIPSIV)
		{24071E1E-C224-44AB-A3DA-D57B00F2BE13}.DLL Debug|STANDARDSDK_500 (MIPSIV_FP).ActiveCfg = DLL Debug|STANDARDSDK_500 (MIPSIV_FP)
		{24071E1E-C224-44AB-A3DA-D57B00F2BE13}.DLL Debug|STANDARDSDK_500 (MIPSIV_FP).Build.0 = DLL Debug|STANDARDSDK_500 (MIPSIV_FP)
		{24071E1E-C224-44AB-A3DA-D57B00F2BE13}.DLL Debug|STANDARDSDK_500 (MIPSIV_FP).Deploy.0 = DLL Debug|STANDARDSDK_500 (MIPSIV_FP)
		{24071E1E-C224-44AB-A3DA-D57B00F2BE13}.DLL Debug|STANDARDSDK_500 (SH4).ActiveCfg = DLL Debug|STANDARDSDK_500 (SH4)
		{24071E1E-C224-44AB-A3DA-D57B00F2BE13}.DLL Debug|STANDARDSDK_500 (SH4).Build.0 = DLL Debug|STANDARDSDK_500 (SH4)
		{24071E1E-C224-44AB-A3DA-D57B00F2BE13}.DLL Debug|STANDARDSDK_500 (SH4).Deploy.0 = DLL Debug|STANDARDSDK_500 (SH4)
		{24071E1E-C224-44AB-A3DA-D57B00F2BE13}.DLL Debug|STANDARDSDK_500 (x86).ActiveCfg = DLL Debug|STANDARDSDK_500 (x86)
		{24071E1E-C224-44AB-A3DA-D57B00F2BE13}.DLL Debug|STANDARDSDK_500 (x86).Build.0 = DLL Debug|STANDARDSDK_500 (x86)
		{24071E1E-C224-44AB-A3DA-D57B00F2BE13}.DLL Debug|STANDARDSDK_500 (x86).Deploy.0 = DLL Debug|STANDARDSDK_500 (x86)
		{24071E1E-C224-44AB-A3DA-D57B00F2BE13}.DLL Release|Pocket PC 2003 (ARMV4).ActiveCfg = DLL Release|STANDARDSDK_500 (MIPSIV_FP)
		{24071E1E-C224-44AB-A3DA-D57B00F2BE13}.DLL Release|Smartphone 2003 (ARMV4).ActiveCfg = DLL Release|STANDARDSDK_500 (MIPSIV_FP)
		{24071E1E-C224-44AB-A3DA-D57B00F2BE13}.DLL Release|STANDARDSDK_500 (ARMV4I).ActiveCfg = DLL Release|STANDARDSDK_500 (ARMV4I)
		{24071E1E-C224-44AB-A3DA-D57B00F2BE13}.DLL Release|STANDARDSDK_500 (ARMV4I).Build.0 = DLL Release|STANDARDSDK_500 (ARMV4I)
		{24071E1E-C224-44AB-A3DA-D57B00F2BE13}.DLL Release|STANDARDSDK_500 (ARMV4I).Deploy.0 = DLL Release|STANDARDSDK_500 (ARMV4I)
		{24071E1E-C224-44AB-A3DA-D57B00F2BE13}.DLL Release|STANDARDSDK_500 (MIPSII).ActiveCfg = DLL Release|STANDARDSDK_500 (MIPSII)
		{24071E1E-C224-44AB-A3DA-D57B00F2BE13}.DLL Release|STANDARDSDK_500 (MIPSII).Build.0 = DLL Release|STANDARDSDK_500 (MIPSII)
		{24071E1E-C224-44AB-A3DA-D57B00F2BE13}.DLL Release|STANDARDSDK_500 (MIPSII).Deploy.0 = DLL Release|STANDARDSDK_500 (MIPSII)
		{24071E1E-C224-44AB-A3DA-D57B00F2BE13}.DLL Release|STANDARDSDK_500 (MIPSII_FP).ActiveCfg = DLL Release|STANDARDSDK_500 (MIPSII_FP)
		{24071E1E-C224-44AB-A3DA-D57B00F2BE13}.DLL Release|STANDARDSDK_500 (MIPSII_FP).Build.0 = DLL Release|STANDARDSDK_500 (MIPSII_FP)
		{24071E1E-C224-44AB-A3DA-D57B00F2BE13}.DLL Release|STANDARDSDK_500 (MIPSII_FP).Deploy.0 = DLL Release|STANDARDSDK_500 (MIPSII_FP)
		{24071E1E-C224-44AB-A3DA-D57B00F2BE13}.DLL Release|STANDARDSDK_500 (MIPSIV).ActiveCfg = DLL Release|STANDARDSDK_500 (MIPSIV)
		{24071E1E-C224-44AB-A3DA-D57B00F2BE13}.DLL Release|STANDARDSDK_500 (MIPSIV).Build.0 = DLL Release|STANDARDSDK_500 (MIPSIV)
		{24071E1E-C224-44AB-A3DA-D57B00F2BE13}.DLL Release|STANDARDSDK_500 (MIPSIV).Deploy.0 = DLL Release|STANDARDSDK_500 (MIPSIV)
		{24071E1E-C224-44AB-A3DA-D57B00F2BE13}.DLL Release|STANDARDSDK_500 (MIPSIV_FP).ActiveCfg = DLL Release|STANDARDSDK_500 (MIPSIV_FP)
		{24071E1E-C224-44AB-A3DA-D57B00F2BE13}.DLL Release|STANDARDSDK_500 (MIPSIV_FP).Build.0 = DLL Release|STANDARDSDK_500 (MIPSIV_FP)
		{24071E1E-C224-44AB-A3DA-D57B00F2BE13}.DLL Release|STANDARDSDK_500 (MIPSIV_FP).Deploy.0 = DLL Release|STANDARDSDK_500 (MIPSIV_FP)
		{24071E1E-C224-44AB-A3DA-D57B00F2BE13}.DLL Release|STANDARDSDK_500 (SH4).ActiveCfg = DLL Release|STANDARDSDK_500 (SH4)
		{24071E1E-C224-44AB-A3DA-D57B00F2BE13}.DLL Release|STANDARDSDK_500 (SH4).Build.0 = DLL Release|STANDARDSDK_500 (SH4)
		{24071E1E-C224-44AB-A3DA-D57B00F2BE13}.DLL Release|STANDARDSDK_500 (SH4).Deploy.0 = DLL Release|STANDARDSDK_500 (SH4)
		{24071E1E-C224-44AB-A3DA-D57B00F2BE13}.DLL Release|STANDARDSDK_500 (x86).ActiveCfg = DLL Release|STANDARDSDK_500 (x86)
		{24071E1E-C224-44AB-A3DA-D57B00F2BE13}.DLL Release|STANDARDSDK_500 (x86).Build.0 = DLL Release|STANDARDSDK_500 (x86)
		{24071E1E-C224-44AB-A3DA-D57B00F2BE13}.DLL Release|STANDARDSDK_500 (x86).Deploy.0 = DLL Release|STANDARDSDK_500 (x86)
		{24071E1E-C224-44AB-A3DA-D57B00F2BE13}.Release|Pocket PC 2003 (ARMV4).ActiveCfg = DLL Release|STANDARDSDK_500 (MIPSIV_FP)
		{24071E1E-C224-44AB-A3DA-D57B00F2BE13}.Release|Smartphone 2003 (ARMV4).ActiveCfg = DLL Release|STANDARDSDK_500 (MIPSIV_FP)
		{24071E1E-C224-44AB-A3DA-D57B00F2BE13}.Release|STANDARDSDK_500 (ARMV4I).ActiveCfg = DLL Release|STANDARDSDK_500 (ARMV4I)
		{24071E1E-C224-44AB-A3DA-D57B00F2BE13}.Release|STANDARDSDK_500 (ARMV4I).Build.0 = DLL Release|STANDARDSDK_500 (ARMV4I)
		{24071E1E-C224-44AB-A3DA-D57B00F2BE13}.Release|STANDARDSDK_500 (ARMV4I).Deploy.0 = DLL Release|STANDARDSDK_500 (ARMV4I)
		{24071E1E-C224-44AB-A3DA-D57B00F2BE13}.Release|STANDARDSDK_500 (MIPSII).ActiveCfg = DLL Release|STANDARDSDK_500 (MIPSII)
		{24071E1E-C224-44AB-A3DA-D57B00F2BE13}.Release|STANDARDSDK_500 (MIPSII).Build.0 = DLL Release|STANDARDSDK_500 (MIPSII)
		{24071E1E-C224-44AB-A3DA-D57B00F2BE13}.Release|STANDARDSDK_500 (MIPSII).Deploy.0 = DLL Release|STANDARDSDK_500 (MIPSII)
		{24071E1E-C224-44AB-A3DA-D57B00F2BE13}.Release|STANDARDSDK_500 (MIPSII_FP).ActiveCfg = DLL Release|STANDARDSDK_500 (MIPSII_FP)
		{24071E1E-C224-44AB-A3DA-D57B00F2BE13}.Release|STANDARDSDK_500 (MIPSII_FP).Build.0 = DLL Release|STANDARDSDK_500 (MIPSII_FP)
		{24071E1E-C224-44AB-A3DA-D57B00F2BE13}.Release|STANDARDSDK_500 (MIPSII_FP).Deploy.0 = DLL Release|STANDARDSDK_500 (MIPSII_FP)
		{24071E1E-C224-44AB-A3DA-D57B00F2BE13}.Release|STANDARDSDK_500 (MIPSIV).ActiveCfg = DLL Release|STANDARDSDK_500 (MIPSIV)
		{24071E1E-C224-44AB-A3DA-D57B00F2BE13}.Release|STANDARDSDK_500 (MIPSIV).Build.0 = DLL Release|STANDARDSDK_500 (MIPSIV)
		{24071E1E-C224-44AB-A3DA-D57B00F2BE13}.Release|STANDARDSDK_500 (MIPSIV).Deploy.0 = DLL Release|STANDARDSDK_500 (MIPSIV)
		{24071E1E-C224-44AB-A3DA-D57B00F2BE13}.Release|STANDARDSDK_500 (MIPSIV_FP).ActiveCfg = DLL Release|STANDARDSDK_500 (MIPSIV_FP)
		{24071E1E-C224-44AB-A3DA-D57B00F2BE13}.Release|STANDARDSDK_500 (MIPSIV_FP).Build.0 = DLL Release|STANDARDSDK_500 (MIPSIV_FP)
		{24071E1E-C224-44AB-A3DA-D57B00F2BE13}.Release|STANDARDSDK_500 (MIPSIV_FP).Deploy.0 = DLL Release|STANDARDSDK_500 (MIPSIV_FP)
		{24071E1E-C224-44AB-A3DA-D57B00F2BE13}.Release|STANDARDSDK_500 (SH4).ActiveCfg = DLL Release|STANDARDSDK_500 (SH4)
		{24071E1E-C224-44AB-A3DA-D57B00F2BE13}.Release|STANDARDSDK_500 (SH4).Build.0 = DLL Release|STANDARDSDK_500 (SH4)
		{24071E1E-C224-44AB-A3DA-D57B00F2BE13}.Release|STANDARDSDK_500 (SH4).Deploy.0 = DLL Release|STANDARDSDK_500 (SH4)
		{24071E1E-C224-44AB-A3DA-D57B00F2BE13}.Release|STANDARDSDK_500 (x86).ActiveCfg = DLL Release|STANDARDSDK_500 (x86)
		{24071E1E-C224-44AB-A3DA-D57B00F2BE13}.Release|STANDARDSDK_500 (x86).Build.0 = DLL Release|STANDARDSDK_500 (x86)
		{24071E1E-C224-44AB-A3DA-D57B00F2BE13}.Release|STANDARDSDK_500 (x86).Deploy.0 = DLL Release|STANDARDSDK_500 (x86)
		{13AA141B-A8D7-4227-A9D6-1C2881E67A49}.Debug|Pocket PC 2003 (ARMV4).ActiveCfg = DLL Release|STANDARDSDK_500 (MIPSIV_FP)
		{13AA141B-A8D7-4227-A9D6-1C2881E67A49}.Debug|Smartphone 2003 (ARMV4).ActiveCfg = DLL Release|STANDARDSDK_500 (MIPSIV_FP)
		{13AA141B-A8D7-4227-A9D6-1C2881E67A49}.Debug|STANDARDSDK_500 (ARMV4I).ActiveCfg = DLL Debug|STANDARDSDK_500 (ARMV4I)
		{13AA141B-A8D7-4227-A9D6-1C2881E67A49}.Debug|STANDARDSDK_500 (ARMV4I).Build.0 = DLL Debug|STANDARDSDK_500 (ARMV4I)
		{13AA141B-A8D7-4227-A9D6-1C2881E67A49}.Debug|STANDARDSDK_500 (ARMV4I).Deploy.0 = DLL Debug|STANDARDSDK_500 (ARMV4I)
		{13AA141B-A8D7-4227-A9D6-1C2881E67A49}.Debug|STANDARDSDK_500 (MIPSII).ActiveCfg = DLL Debug|STANDARDSDK_500 (MIPSII)
		{13AA141B-A8D7-4227-A9D6-1C2881E67A49}.Debug|STANDARDSDK_500 (MIPSII).Build.0 = DLL Debug|STANDARDSDK_500 (MIPSII)
		{13AA141B-A8D7-4227-A9D6-1C2881E67A49}.Debug|STANDARDSDK_500 (MIPSII).Deploy.0 = DLL Debug|STANDARDSDK_500 (MIPSII)
		{13AA141B-A8D7-4227-A9D6-1C2881E67A49}.Debug|STANDARDSDK_500 (MIPSII_FP).ActiveCfg = DLL Debug|STANDARDSDK_500 (MIPSII_FP)
		{13AA141B-A8D7-4227-A9D6-1C2881E67A49}.Debug|STANDARDSDK_500 (MIPSII_FP).Build.0 = DLL Debug|STANDARDSDK_500 (MIPSII_FP)
		{13AA141B-A8D7-4227-A9D6-1C2881E67A49}.Debug|STANDARDSDK_500 (MIPSII_FP).Deploy.0 = DLL Debug|STANDARDSDK_500 (MIPSII_FP)
		{13AA141B-A8D7-4227-A9D6-1C2881E67A49}.Debug|STANDARDSDK_500 (MIPSIV).ActiveCfg = DLL Debug|STANDARDSDK_500 (MIPSIV)
		{13AA141B-A8D7-4227-A9D6-1C2881E67A49}.Debug|STANDARDSDK_500 (MIPSIV).Build.0 = DLL Debug|STANDARDSDK_500 (MIPSIV)
		{13AA141B-A8D7-4227-A9D6-1C2881E67A49}.Debug|STANDARDSDK_500 (MIPSIV).Deploy.0 = DLL Debug|STANDARDSDK_500 (MIPSIV)
		{13AA141B-A8D7-4227-A9D6-1C2881E67A49}.Debug|STANDARDSDK_500 (MIPSIV_FP).ActiveCfg = DLL Debug|STANDARDSDK_500 (MIPSIV_FP)
		{13AA141B-A8D7-4227-A9D6-1C2881E67A49}.Debug|STANDARDSDK_500 (MIPSIV_FP).Build.0 = DLL Debug|STANDARDSDK_500 (MIPSIV_FP)
		{13AA141B-A8D7-4227-A9D6-1C2881E67A49}.Debug|STANDARDSDK_500 (MIPSIV_FP).Deploy.0 = DLL Debug|STANDARDSDK_500 (MIPSIV_FP)
		{13AA141B-A8D7-4227-A9D6-1C2881E67A49}.Debug|STANDARDSDK_500 (SH4).ActiveCfg = DLL Debug|STANDARDSDK_500 (SH4)
		{13AA141B-A8D7-4227-A9D6-1C2881E67A49}.Debug|STANDARDSDK_500 (SH4).Build.0 = DLL Debug|STANDARDSDK_500 (SH4)
		{13AA141B-A8D7-4227-A9D6-1C2881E67A49}.Debug|STANDARDSDK_500 (SH4).Deploy.0 = DLL Debug|STANDARDSDK_500 (SH4)
		{13AA141B-A8D7-4227-A9D6-1C2881E67A49}.Debug|STANDARDSDK_500 (x86).ActiveCfg = DLL Debug|STANDARDSDK_500 (x86)
		{13AA141B-A8D7-4227-A9D6-1C2881E67A49}.Debug|STANDARDSDK_500 (x86).Build.0 = DLL Debug|STANDARDSDK_500 (x86)
		{13AA141B-A8D7-4227-A9D6-1C2881E67A49}.Debug|STANDARDSDK_500 (x86).Deploy.0 = DLL Debug|STANDARDSDK_500 (x86)
		{13AA141B-A8D7-4227-A9D6-1C2881E67A49}.DLL Debug|Pocket PC 2003 (ARMV4).ActiveCfg = DLL Debug|STANDARDSDK_500 (MIPSIV_FP)
		{13AA141B-A8D7-4227-A9D6-1C2881E67A49}.DLL Debug|Smartphone 2003 (ARMV4).ActiveCfg = DLL Debug|STANDARDSDK_500 (MIPSIV_FP)
		{13AA141B-A8D7-4227-A9D6-1C2881E67A49}.DLL Debug|STANDARDSDK_500 (ARMV4I).ActiveCfg = DLL Debug|STANDARDSDK_500 (ARMV4I)
		{13AA141B-A8D7-4227-A9D6-1C2881E67A49}.DLL Debug|STANDARDSDK_500 (ARMV4I).Build.0 = DLL Debug|STANDARDSDK_500 (ARMV4I)
		{13AA141B-A8D7-4227-A9D6-1C2881E67A49}.DLL Debug|STANDARDSDK_500 (ARMV4I).Deploy.0 = DLL Debug|STANDARDSDK_500 (ARMV4I)
		{13AA141B-A8D7-4227-A9D6-1C2881E67A49}.DLL Debug|STANDARDSDK_500 (MIPSII).ActiveCfg = DLL Debug|STANDARDSDK_500 (MIPSII)
		{13AA141B-A8D7-4227-A9D6-1C2881E67A49}.DLL Debug|STANDARDSDK_500 (MIPSII).Build.0 = DLL Debug|STANDARDSDK_500 (MIPSII)
		{13AA141B-A8D7-4227-A9D6-1C2881E67A49}.DLL Debug|STANDARDSDK_500 (MIPSII).Deploy.0 = DLL Debug|STANDARDSDK_500 (MIPSII)
		{13AA141B-A8D7-4227-A9D6-1C2881E67A49}.DLL Debug|STANDARDSDK_500 (MIPSII_FP).ActiveCfg = DLL Debug|STANDARDSDK_500 (MIPSII_FP)
		{13AA141B-A8D7-4227-A9D6-1C2881E67A49}.DLL Debug|STANDARDSDK_500 (MIPSII_FP).Build.0 = DLL Debug|STANDARDSDK_500 (MIPSII_FP)
		{13AA141B-A8D7-4227-A9D6-1C2881E67A49}.DLL Debug|STANDARDSDK_500 (MIPSII_FP).Deploy.0 = DLL Debug|STANDARDSDK_500 (MIPSII_FP)
		{13AA141B-A8D7-4227-A9D6-1C2881E67A49}.DLL Debug|STANDARDSDK_500 (MIPSIV).ActiveCfg = DLL Debug|STANDARDSDK_500 (MIPSIV)
		{13AA141B-A8D7-4227-A9D6-1C2881E67A49}.DLL Debug|STANDARDSDK_500 (MIPSIV).Build.0 = DLL Debug|STANDARDSDK_500 (MIPSIV)
		{13AA141B-A8D7-4227-A9D6-1C2881E67A49}.DLL Debug|STANDARDSDK_500 (MIPSIV).Deploy.0 = DLL Debug|STANDARDSDK_500 (MIPSIV)
		{13AA141B-A8D7-4227-A9D6-1C2881E67A49}.DLL Debug|STANDARDSDK_500 (MIPSIV_FP).ActiveCfg = DLL Debug|STANDARDSDK_500 (MIPSIV_FP)
		{13AA141B-A8D7-4227-A9D6-1C2881E67A49}.DLL Debug|STANDARDSDK_500 (MIPSIV_FP).Build.0 = DLL Debug|STANDARDSDK_500 (MIPSIV_FP)
		{13AA141B-A8D7-4227-A9D6-1C2881E67A49}.DLL Debug|STANDARDSDK_500 (MIPSIV_FP).Deploy.0 = DLL Debug|STANDARDSDK_500 (MIPSIV_FP)
		{13AA141B-A8D7-4227-A9D6-1C2881E67A49}.DLL Debug|STANDARDSDK_500 (SH4).ActiveCfg = DLL Debug|STANDARDSDK_500 (SH4)
		{13AA141B-A8D7-4227-A9D6-1C2881E67A49}.DLL Debug|STANDARDSDK_500 (SH4).Build.0 = DLL Debug|STANDARDSDK_500 (SH4)
		{13AA141B-A8D7-4227-A9D6-1C2881E67A49}.DLL Debug|STANDARDSDK_500 (SH4).Deploy.0 = DLL Debug|STANDARDSDK_500 (SH4)
		{13AA141B-A8D7-4227-A9D6-1C2881E67A49}.DLL Debug|STANDARDSDK_500 (x86).ActiveCfg = DLL Debug|STANDARDSDK_500 (x86)
		{13AA141B-A8D7-4227-A9D6-1C2881E67A49}.DLL Debug|STANDARDSDK_500 (x86).Build.0 = DLL Debug|STANDARDSDK_500 (x86)
		{13AA141B-A8D7-4227-A9D6-1C2881E67A49}.DLL Debug|STANDARDSDK_500 (x86).Deploy.0 = DLL Debug|STANDARDSDK_500 (x86)
		{13AA141B-A8D7-4227-A9D6-1C2881E67A49}.DLL Release|Pocket PC 2003 (ARMV4).ActiveCfg = DLL Release|STANDARDSDK_500 (MIPSIV_FP)
		{13AA141B-A8D7-4227-A9D6-1C2881E67A49}.DLL Release|Smartphone 2003 (ARMV4).ActiveCfg = DLL Release|STANDARDSDK_500 (MIPSIV_FP)
		{13AA141B-A8D7-4227-A9D6-1C2881E67A49}.DLL Release|STANDARDSDK_500 (ARMV4I).ActiveCfg = DLL Release|STANDARDSDK_500 (ARMV4I)
		{13AA141B-A8D7-4227-A9D6-1C2881E67A49}.DLL Release|STANDARDSDK_500 (ARMV4I).Build.0 = DLL Release|STANDARDSDK_500 (ARMV4I)
		{13AA141B-A8D7-4227-A9D6-1C2881E67A49}.DLL Release|STANDARDSDK_500 (ARMV4I).Deploy.0 = DLL Release|STANDARDSDK_500 (ARMV4I)
		{13AA141B-A8D7-4227-A9D6-1C2881E67A49}.DLL Release|STANDARDSDK_500 (MIPSII).ActiveCfg = DLL Release|STANDARDSDK_500 (MIPSII)
		{13AA141B-A8D7-4227-A9D6-1C2881E67A49}.DLL Release|STANDARDSDK_500 (MIPSII).Build.0 = DLL Release|STANDARDSDK_500 (MIPSII)
		{13AA141B-A8D7-4227-A9D6-1C2881E67A49}.DLL Release|STANDARDSDK_500 (MIPSII).Deploy.0 = DLL Release|STANDARDSDK_500 (MIPSII)
		{13AA141B-A8D7-4227-A9D6-1C2881E67A49}.DLL Release|STANDARDSDK_500 (MIPSII_FP).ActiveCfg = DLL Release|STANDARDSDK_500 (MIPSII_FP)
		{13AA141B-A8D7-4227-A9D6-1C2881E67A49}.DLL Release|STANDARDSDK_500 (MIPSII_FP).Build.0 = DLL Release|STANDARDSDK_500 (MIPSII_FP)
		{13AA141B-A8D7-4227-A9D6-1C2881E67A49}.DLL Release|STANDARDSDK_500 (MIPSII_FP).Deploy.0 = DLL Release|STANDARDSDK_500 (MIPSII_FP)
		{13AA141B-A8D7-4227-A9D6-1C2881E67A49}.DLL Release|STANDARDSDK_500 (MIPSIV).ActiveCfg = DLL Release|STANDARDSDK_500 (MIPSIV)
		{13AA141B-A8D7-4227-A9D6-1C2881E67A49}.DLL Release|STANDARDSDK_500 (MIPSIV).Build.0 = DLL Release|STANDARDSDK_500 (MIPSIV)
		{13AA141B-A8D7-4227-A9D6-1C2881E67A49}.DLL Release|STANDARDSDK_500 (MIPSIV).Deploy.0 = DLL Release|STANDARDSDK_500 (MIPSIV)
		{13AA141B-A8D7-4227-A9D6-1C2881E67A49}.DLL Release|STANDARDSDK_500 (MIPSIV_FP).ActiveCfg = DLL Release|STANDARDSDK_500 (MIPSIV_FP)
		{13AA141B-A8D7-4227-A9D6-1C2881E67A49}.DLL Release|STANDARDSDK_500 (MIPSIV_FP).Build.0 = DLL Release|STANDARDSDK_500 (MIPSIV_FP)
		{13AA141B-A8D7-4227-A9D6-1C2881E67A49}.DLL Release|STANDARDSDK_500 (MIPSIV_FP).Deploy.0 = DLL Release|STANDARDSDK_500 (MIPSIV_FP)
		{13AA141B-A8D7-4227-A9D6-1C2881E67A49}.DLL Release|STANDARDSDK_500 (SH4).ActiveCfg = DLL Release|STANDARDSDK_500 (SH4)
		{13AA141B-A8D7-4227-A9D6-1C2881E67A49}.DLL Release|STANDARDSDK_500 (SH4).Build.0 = DLL Release|STANDARDSDK_500 (SH4)
		{13AA141B-A8D7-4227-A9D6-1C2881E67A49}.DLL Release|STANDARDSDK_500 (SH4).Deploy.0 = DLL Release|STANDARDSDK_500 (SH4)
		{13AA141B-A8D7-4227-A9D6-1C2881E67A49}.DLL Release|STANDARDSDK_500 (x86).ActiveCfg = DLL Release|STANDARDSDK_500 (x86)
		{13AA141B-A8D7-4227-A9D6-1C2881E67A49}.DLL Release|STANDARDSDK_500 (x86).Build.0 = DLL Release|STANDARDSDK_500 (x86)
		{13AA141B-A8D7-4227-A9D6-1C2881E67A49}.DLL Release|STANDARDSDK_500 (x86).Deploy.0 = DLL Release|STANDARDSDK_500 (x86)
		{13AA141B-A8D7-4227-A9D6-1C2881E67A49}.Release|Pocket PC 2003 (ARMV4).ActiveCfg = DLL Release|STANDARDSDK_500 (MIPSIV_FP)
		{13AA141B-A8D7-4227-A9D6-1C2881E67A49}.Release|Smartphone 2003 (ARMV4).ActiveCfg = DLL Release|STANDARDSDK_500 (MIPSIV_FP)
		{13AA141B-A8D7-4227-A9D6-1C2881E67A49}.Release|STANDARDSDK_500 (ARMV4I).ActiveCfg = DLL Release|STANDARDSDK_500 (ARMV4I)
		{13AA141B-A8D7-4227-A9D6-1C2881E67A49}.Release|STANDARDSDK_500 (ARMV4I).Build.0 = DLL Release|STANDARDSDK_500 (ARMV4I)
		{13AA141B-A8D7-4227-A9D6-1C2881E67A49}.Release|STANDARDSDK_500 (ARMV4I).Deploy.0 = DLL Release|STANDARDSDK_500 (ARMV4I)
		{13AA141B-A8D7-4227-A9D6-1C2881E67A49}.Release|STANDARDSDK_500 (MIPSII).ActiveCfg = DLL Release|STANDARDSDK_500 (MIPSII)
		{13AA141B-A8D7-4227-A9D6-1C2881E67A49}.Release|STANDARDSDK_500 (MIPSII).Build.0 = DLL Release|STANDARDSDK_500 (MIPSII)
		{13AA141B-A8D7-4227-A9D6-1C2881E67A49}.Release|STANDARDSDK_500 (MIPSII).Deploy.0 = DLL Release|STANDARDSDK_500 (MIPSII)
		{13AA141B-A8D7-4227-A9D6-1C2881E67A49}.Release|STANDARDSDK_500 (MIPSII_FP).ActiveCfg = DLL Release|STANDARDSDK_500 (MIPSII_FP)
		{13AA141B-A8D7-4227-A9D6-1C2881E67A49}.Release|STANDARDSDK_500 (MIPSII_FP).Build.0 = DLL Release|STANDARDSDK_500 (MIPSII_FP)
		{13AA141B-A8D7-4227-A9D6-1C2881E67A49}.Release|STANDARDSDK_500 (MIPSII_FP).Deploy.0 = DLL Release|STANDARDSDK_500 (MIPSII_FP)
		{13AA141B-A8D7-4227-A9D6-1C2881E67A49}.Release|STANDARDSDK_500 (MIPSIV).ActiveCfg = DLL Release|STANDARDSDK_500 (MIPSIV)
		{13AA141B-A8D7-4227-A9D6-1C2881E67A49}.Release|STANDARDSDK_500 (MIPSIV).Build.0 = DLL Release|STANDARDSDK_500 (MIPSIV)
		{13AA141B-A8D7-4227-A9D6-1C2881E67A49}.Release|STANDARDSDK_500 (MIPSIV).Deploy.0 = DLL Release|STANDARDSDK_500 (MIPSIV)
		{13AA141B-A8D7-4227-A9D6-1C2881E67A49}.Release|STANDARDSDK_500 (MIPSIV_FP).ActiveCfg = DLL Release|STANDARDSDK_500 (MIPSIV_FP)
		{13AA141B-A8D7-4227-A9D6-1C2881E67A49}.Release|STANDARDSDK_500 (MIPSIV_FP).Build.0 = DLL Release|STANDARDSDK_500 (MIPSIV_FP)
		{13AA141B-A8D7-4227-A9D6-1C2881E67A49}.Release|STANDARDSDK_500 (MIPSIV_FP).Deploy.0 = DLL Release|STANDARDSDK_500 (MIPSIV_FP)
		{13AA141B-A8D7-4227-A9D6-1C2881E67A49}.Release|STANDARDSDK_500 (SH4).ActiveCfg = DLL Release|STANDARDSDK_500 (SH4)
		{13AA141B-A8D7-4227-A9D6-1C2881E67A49}.Release|STANDARDSDK_500 (SH4).Build.0 = DLL Release|STANDARDSDK_500 (SH4)
		{13AA141B-A8D7-4227-A9D6-1C2881E67A49}.Release|STANDARDSDK_500 (SH4).Deploy.0 = DLL Release|STANDARDSDK_500 (SH4)
		{13AA141B-A8D7-4227-A9D6-1C2881E67A49}.Release|STANDARDSDK_500 (x86).ActiveCfg = DLL Release|STANDARDSDK_500 (x86)
		{13AA141B-A8D7-4227-A9D6-1C2881E67A49}.Release|STANDARDSDK_500 (x86).Build.0 = DLL Release|STANDARDSDK_500 (x86)
		{13AA141B-A8D7-4227-A9D6-1C2881E67A49}.Release|STANDARDSDK_500 (x86).Deploy.0 = DLL Release|STANDARDSDK_500 (x86)
	EndGlobalSection
	GlobalSection(SolutionProperties) = preSolution
		HideSolutionNode = FALSE
	EndGlobalSection
EndGlobal
