
Microsoft Visual Studio Solution File, Format Version 9.00
# Visual Studio 2005
Project("{8BC9CEB8-8B4A-11D0-8D11-00A0C91BC942}") = "Http_VC80", "..\libhttp\trunk\libHttp-2005.vcproj", "{3EED7235-2F4E-4D98-9408-74F1ED102689}"
	ProjectSection(WebsiteProperties) = preProject
		Debug.AspNetCompiler.Debug = "True"
		Release.AspNetCompiler.Debug = "False"
	EndProjectSection
EndProject
Project("{8BC9CEB8-8B4A-11D0-8D11-00A0C91BC942}") = "Json_VC80", "..\libjson\trunk\libjson-2005.vcproj", "{B84F7231-16CE-41D8-8C08-7B523FF4225B}"
	ProjectSection(WebsiteProperties) = preProject
		Debug.AspNetCompiler.Debug = "True"
		Release.AspNetCompiler.Debug = "False"
	EndProjectSection
EndProject
Project("{2150E333-8FDC-42A3-9474-1A3956D46DE8}") = "test", "test", "{315A6FC1-585A-453B-958C-A76D361CA810}"
	ProjectSection(WebsiteProperties) = preProject
		Debug.AspNetCompiler.Debug = "True"
		Release.AspNetCompiler.Debug = "False"
	EndProjectSection
EndProject
Project("{2150E333-8FDC-42A3-9474-1A3956D46DE8}") = "proj", "proj", "{79F65363-FC7A-4C22-8378-F00096110C31}"
	ProjectSection(WebsiteProperties) = preProject
		Debug.AspNetCompiler.Debug = "True"
		Release.AspNetCompiler.Debug = "False"
	EndProjectSection
EndProject
Project("{8BC9CEB8-8B4A-11D0-8D11-00A0C91BC942}") = "Testhttp_VC80", "..\libhttp\trunk\testhttp\testhttp-2005.vcproj", "{783D431B-7F03-4A7B-9DFF-B34F34AD5765}"
	ProjectSection(WebsiteProperties) = preProject
		Debug.AspNetCompiler.Debug = "True"
		Release.AspNetCompiler.Debug = "False"
	EndProjectSection
EndProject
Global
	GlobalSection(SolutionConfigurationPlatforms) = preSolution
		Debug_Unicode|Win32 = Debug_Unicode|Win32
		Debug|Win32 = Debug|Win32
		DLL Debug|Win32 = DLL Debug|Win32
		DLL DebugMT|Win32 = DLL DebugMT|Win32
		DLL Release|Win32 = DLL Release|Win32
		DLL ReleaseMT|Win32 = DLL ReleaseMT|Win32
		dummy|Win32 = dummy|Win32
		LIB Debug|Win32 = LIB Debug|Win32
		LIB DebugMT|Win32 = LIB DebugMT|Win32
		LIB Release|Win32 = LIB Release|Win32
		LIB ReleaseMT|Win32 = LIB ReleaseMT|Win32
		Release_Unicode|Win32 = Release_Unicode|Win32
		Release|Win32 = Release|Win32
	EndGlobalSection
	GlobalSection(ProjectConfigurationPlatforms) = postSolution
		{3EED7235-2F4E-4D98-9408-74F1ED102689}.Debug_Unicode|Win32.ActiveCfg = DLL ReleaseMT|Win32
		{3EED7235-2F4E-4D98-9408-74F1ED102689}.Debug_Unicode|Win32.Build.0 = DLL ReleaseMT|Win32
		{3EED7235-2F4E-4D98-9408-74F1ED102689}.Debug|Win32.ActiveCfg = DLL Debug|Win32
		{3EED7235-2F4E-4D98-9408-74F1ED102689}.Debug|Win32.Build.0 = DLL Debug|Win32
		{3EED7235-2F4E-4D98-9408-74F1ED102689}.DLL Debug|Win32.ActiveCfg = DLL Debug|Win32
		{3EED7235-2F4E-4D98-9408-74F1ED102689}.DLL Debug|Win32.Build.0 = DLL Debug|Win32
		{3EED7235-2F4E-4D98-9408-74F1ED102689}.DLL DebugMT|Win32.ActiveCfg = DLL DebugMT|Win32
		{3EED7235-2F4E-4D98-9408-74F1ED102689}.DLL DebugMT|Win32.Build.0 = DLL DebugMT|Win32
		{3EED7235-2F4E-4D98-9408-74F1ED102689}.DLL Release|Win32.ActiveCfg = DLL Release|Win32
		{3EED7235-2F4E-4D98-9408-74F1ED102689}.DLL Release|Win32.Build.0 = DLL Release|Win32
		{3EED7235-2F4E-4D98-9408-74F1ED102689}.DLL ReleaseMT|Win32.ActiveCfg = DLL ReleaseMT|Win32
		{3EED7235-2F4E-4D98-9408-74F1ED102689}.DLL ReleaseMT|Win32.Build.0 = DLL ReleaseMT|Win32
		{3EED7235-2F4E-4D98-9408-74F1ED102689}.dummy|Win32.ActiveCfg = DLL Release|Win32
		{3EED7235-2F4E-4D98-9408-74F1ED102689}.dummy|Win32.Build.0 = DLL Release|Win32
		{3EED7235-2F4E-4D98-9408-74F1ED102689}.LIB Debug|Win32.ActiveCfg = LIB Debug|Win32
		{3EED7235-2F4E-4D98-9408-74F1ED102689}.LIB Debug|Win32.Build.0 = LIB Debug|Win32
		{3EED7235-2F4E-4D98-9408-74F1ED102689}.LIB DebugMT|Win32.ActiveCfg = LIB DebugMT|Win32
		{3EED7235-2F4E-4D98-9408-74F1ED102689}.LIB DebugMT|Win32.Build.0 = LIB DebugMT|Win32
		{3EED7235-2F4E-4D98-9408-74F1ED102689}.LIB Release|Win32.ActiveCfg = LIB Release|Win32
		{3EED7235-2F4E-4D98-9408-74F1ED102689}.LIB Release|Win32.Build.0 = LIB Release|Win32
		{3EED7235-2F4E-4D98-9408-74F1ED102689}.LIB ReleaseMT|Win32.ActiveCfg = LIB ReleaseMT|Win32
		{3EED7235-2F4E-4D98-9408-74F1ED102689}.LIB ReleaseMT|Win32.Build.0 = LIB ReleaseMT|Win32
		{3EED7235-2F4E-4D98-9408-74F1ED102689}.Release_Unicode|Win32.ActiveCfg = DLL ReleaseMT|Win32
		{3EED7235-2F4E-4D98-9408-74F1ED102689}.Release_Unicode|Win32.Build.0 = DLL ReleaseMT|Win32
		{3EED7235-2F4E-4D98-9408-74F1ED102689}.Release|Win32.ActiveCfg = DLL Release|Win32
		{3EED7235-2F4E-4D98-9408-74F1ED102689}.Release|Win32.Build.0 = DLL Release|Win32
		{B84F7231-16CE-41D8-8C08-7B523FF4225B}.Debug_Unicode|Win32.ActiveCfg = DLL ReleaseMT|Win32
		{B84F7231-16CE-41D8-8C08-7B523FF4225B}.Debug_Unicode|Win32.Build.0 = DLL ReleaseMT|Win32
		{B84F7231-16CE-41D8-8C08-7B523FF4225B}.Debug|Win32.ActiveCfg = DLL Debug|Win32
		{B84F7231-16CE-41D8-8C08-7B523FF4225B}.Debug|Win32.Build.0 = DLL Debug|Win32
		{B84F7231-16CE-41D8-8C08-7B523FF4225B}.DLL Debug|Win32.ActiveCfg = DLL Debug|Win32
		{B84F7231-16CE-41D8-8C08-7B523FF4225B}.DLL Debug|Win32.Build.0 = DLL Debug|Win32
		{B84F7231-16CE-41D8-8C08-7B523FF4225B}.DLL DebugMT|Win32.ActiveCfg = DLL DebugMT|Win32
		{B84F7231-16CE-41D8-8C08-7B523FF4225B}.DLL DebugMT|Win32.Build.0 = DLL DebugMT|Win32
		{B84F7231-16CE-41D8-8C08-7B523FF4225B}.DLL Release|Win32.ActiveCfg = DLL Release|Win32
		{B84F7231-16CE-41D8-8C08-7B523FF4225B}.DLL Release|Win32.Build.0 = DLL Release|Win32
		{B84F7231-16CE-41D8-8C08-7B523FF4225B}.DLL ReleaseMT|Win32.ActiveCfg = DLL ReleaseMT|Win32
		{B84F7231-16CE-41D8-8C08-7B523FF4225B}.DLL ReleaseMT|Win32.Build.0 = DLL ReleaseMT|Win32
		{B84F7231-16CE-41D8-8C08-7B523FF4225B}.dummy|Win32.ActiveCfg = DLL Release|Win32
		{B84F7231-16CE-41D8-8C08-7B523FF4225B}.dummy|Win32.Build.0 = DLL Release|Win32
		{B84F7231-16CE-41D8-8C08-7B523FF4225B}.LIB Debug|Win32.ActiveCfg = LIB Debug|Win32
		{B84F7231-16CE-41D8-8C08-7B523FF4225B}.LIB Debug|Win32.Build.0 = LIB Debug|Win32
		{B84F7231-16CE-41D8-8C08-7B523FF4225B}.LIB DebugMT|Win32.ActiveCfg = LIB DebugMT|Win32
		{B84F7231-16CE-41D8-8C08-7B523FF4225B}.LIB DebugMT|Win32.Build.0 = LIB DebugMT|Win32
		{B84F7231-16CE-41D8-8C08-7B523FF4225B}.LIB Release|Win32.ActiveCfg = LIB Release|Win32
		{B84F7231-16CE-41D8-8C08-7B523FF4225B}.LIB Release|Win32.Build.0 = LIB Release|Win32
		{B84F7231-16CE-41D8-8C08-7B523FF4225B}.LIB ReleaseMT|Win32.ActiveCfg = LIB ReleaseMT|Win32
		{B84F7231-16CE-41D8-8C08-7B523FF4225B}.LIB ReleaseMT|Win32.Build.0 = LIB ReleaseMT|Win32
		{B84F7231-16CE-41D8-8C08-7B523FF4225B}.Release_Unicode|Win32.ActiveCfg = LIB Release|Win32
		{B84F7231-16CE-41D8-8C08-7B523FF4225B}.Release_Unicode|Win32.Build.0 = LIB Release|Win32
		{B84F7231-16CE-41D8-8C08-7B523FF4225B}.Release|Win32.ActiveCfg = DLL Release|Win32
		{B84F7231-16CE-41D8-8C08-7B523FF4225B}.Release|Win32.Build.0 = DLL Release|Win32
		{783D431B-7F03-4A7B-9DFF-B34F34AD5765}.Debug_Unicode|Win32.ActiveCfg = DLL ReleaseMT|Win32
		{783D431B-7F03-4A7B-9DFF-B34F34AD5765}.Debug_Unicode|Win32.Build.0 = DLL ReleaseMT|Win32
		{783D431B-7F03-4A7B-9DFF-B34F34AD5765}.Debug|Win32.ActiveCfg = DLL Debug|Win32
		{783D431B-7F03-4A7B-9DFF-B34F34AD5765}.Debug|Win32.Build.0 = DLL Debug|Win32
		{783D431B-7F03-4A7B-9DFF-B34F34AD5765}.DLL Debug|Win32.ActiveCfg = DLL Debug|Win32
		{783D431B-7F03-4A7B-9DFF-B34F34AD5765}.DLL Debug|Win32.Build.0 = DLL Debug|Win32
		{783D431B-7F03-4A7B-9DFF-B34F34AD5765}.DLL DebugMT|Win32.ActiveCfg = DLL DebugMT|Win32
		{783D431B-7F03-4A7B-9DFF-B34F34AD5765}.DLL DebugMT|Win32.Build.0 = DLL DebugMT|Win32
		{783D431B-7F03-4A7B-9DFF-B34F34AD5765}.DLL Release|Win32.ActiveCfg = DLL Release|Win32
		{783D431B-7F03-4A7B-9DFF-B34F34AD5765}.DLL Release|Win32.Build.0 = DLL Release|Win32
		{783D431B-7F03-4A7B-9DFF-B34F34AD5765}.DLL ReleaseMT|Win32.ActiveCfg = DLL ReleaseMT|Win32
		{783D431B-7F03-4A7B-9DFF-B34F34AD5765}.DLL ReleaseMT|Win32.Build.0 = DLL ReleaseMT|Win32
		{783D431B-7F03-4A7B-9DFF-B34F34AD5765}.dummy|Win32.ActiveCfg = DLL ReleaseMT|Win32
		{783D431B-7F03-4A7B-9DFF-B34F34AD5765}.dummy|Win32.Build.0 = DLL ReleaseMT|Win32
		{783D431B-7F03-4A7B-9DFF-B34F34AD5765}.LIB Debug|Win32.ActiveCfg = LIB Debug|Win32
		{783D431B-7F03-4A7B-9DFF-B34F34AD5765}.LIB Debug|Win32.Build.0 = LIB Debug|Win32
		{783D431B-7F03-4A7B-9DFF-B34F34AD5765}.LIB DebugMT|Win32.ActiveCfg = LIB DebugMT|Win32
		{783D431B-7F03-4A7B-9DFF-B34F34AD5765}.LIB DebugMT|Win32.Build.0 = LIB DebugMT|Win32
		{783D431B-7F03-4A7B-9DFF-B34F34AD5765}.LIB Release|Win32.ActiveCfg = LIB Release|Win32
		{783D431B-7F03-4A7B-9DFF-B34F34AD5765}.LIB Release|Win32.Build.0 = LIB Release|Win32
		{783D431B-7F03-4A7B-9DFF-B34F34AD5765}.LIB ReleaseMT|Win32.ActiveCfg = LIB ReleaseMT|Win32
		{783D431B-7F03-4A7B-9DFF-B34F34AD5765}.LIB ReleaseMT|Win32.Build.0 = LIB ReleaseMT|Win32
		{783D431B-7F03-4A7B-9DFF-B34F34AD5765}.Release_Unicode|Win32.ActiveCfg = LIB Release|Win32
		{783D431B-7F03-4A7B-9DFF-B34F34AD5765}.Release_Unicode|Win32.Build.0 = LIB Release|Win32
		{783D431B-7F03-4A7B-9DFF-B34F34AD5765}.Release|Win32.ActiveCfg = LIB Release|Win32
		{783D431B-7F03-4A7B-9DFF-B34F34AD5765}.Release|Win32.Build.0 = LIB Release|Win32
	EndGlobalSection
	GlobalSection(SolutionProperties) = preSolution
		HideSolutionNode = FALSE
	EndGlobalSection
	GlobalSection(NestedProjects) = preSolution
		{B84F7231-16CE-41D8-8C08-7B523FF4225B} = {79F65363-FC7A-4C22-8378-F00096110C31}
		{3EED7235-2F4E-4D98-9408-74F1ED102689} = {79F65363-FC7A-4C22-8378-F00096110C31}
		{783D431B-7F03-4A7B-9DFF-B34F34AD5765} = {315A6FC1-585A-453B-958C-A76D361CA810}
	EndGlobalSection
EndGlobal
