
Microsoft Visual Studio Solution File, Format Version 10.00
# Visual Studio 2008
Project("{8BC9CEB8-8B4A-11D0-8D11-00A0C91BC942}") = "Http_VC90", "..\libhttp\trunk\libHttp-2008.vcproj", "{3EED7235-2F4E-4D98-9408-74F1ED102689}"
EndProject
Project("{8BC9CEB8-8B4A-11D0-8D11-00A0C91BC942}") = "Json_VC90", "..\libjson\trunk\libjson-2008.vcproj", "{B84F7231-16CE-41D8-8C08-7B523FF4225B}"
EndProject
Project("{8BC9CEB8-8B4A-11D0-8D11-00A0C91BC942}") = "Testhttp_VC90", "..\libhttp\trunk\testhttp\testhttp.vcproj", "{E2EFEBEB-987C-4892-A7D2-675CC172597C}"
EndProject
Project("{2150E333-8FDC-42A3-9474-1A3956D46DE8}") = "test", "test", "{315A6FC1-585A-453B-958C-A76D361CA810}"
EndProject
Project("{2150E333-8FDC-42A3-9474-1A3956D46DE8}") = "proj", "proj", "{79F65363-FC7A-4C22-8378-F00096110C31}"
EndProject
Global
	GlobalSection(SolutionConfigurationPlatforms) = preSolution
		Debug_Unicode|Win32 = Debug_Unicode|Win32
		Debug|Win32 = Debug|Win32
		DLL Debug|Win32 = DLL Debug|Win32
		DLL DebugMT|Win32 = DLL DebugMT|Win32
		DLL Release|Win32 = DLL Release|Win32
		DLL ReleaseMT|Win32 = DLL ReleaseMT|Win32
		dummy|Win32 = dummy|Win32
		LIB Debug|Win32 = LIB Debug|Win32
		LIB DebugMT|Win32 = LIB DebugMT|Win32
		LIB Release|Win32 = LIB Release|Win32
		LIB ReleaseMT|Win32 = LIB ReleaseMT|Win32
		Release_Unicode|Win32 = Release_Unicode|Win32
		Release|Win32 = Release|Win32
	EndGlobalSection
	GlobalSection(ProjectConfigurationPlatforms) = postSolution
		{3EED7235-2F4E-4D98-9408-74F1ED102689}.Debug_Unicode|Win32.ActiveCfg = DLL ReleaseMT|Win32
		{3EED7235-2F4E-4D98-9408-74F1ED102689}.Debug_Unicode|Win32.Build.0 = DLL ReleaseMT|Win32
		{3EED7235-2F4E-4D98-9408-74F1ED102689}.Debug|Win32.ActiveCfg = LIB Debug|Win32
		{3EED7235-2F4E-4D98-9408-74F1ED102689}.Debug|Win32.Build.0 = LIB Debug|Win32
		{3EED7235-2F4E-4D98-9408-74F1ED102689}.DLL Debug|Win32.ActiveCfg = DLL Debug|Win32
		{3EED7235-2F4E-4D98-9408-74F1ED102689}.DLL Debug|Win32.Build.0 = DLL Debug|Win32
		{3EED7235-2F4E-4D98-9408-74F1ED102689}.DLL DebugMT|Win32.ActiveCfg = DLL DebugMT|Win32
		{3EED7235-2F4E-4D98-9408-74F1ED102689}.DLL DebugMT|Win32.Build.0 = DLL DebugMT|Win32
		{3EED7235-2F4E-4D98-9408-74F1ED102689}.DLL Release|Win32.ActiveCfg = DLL Release|Win32
		{3EED7235-2F4E-4D98-9408-74F1ED102689}.DLL Release|Win32.Build.0 = DLL Release|Win32
		{3EED7235-2F4E-4D98-9408-74F1ED102689}.DLL ReleaseMT|Win32.ActiveCfg = DLL ReleaseMT|Win32
		{3EED7235-2F4E-4D98-9408-74F1ED102689}.DLL ReleaseMT|Win32.Build.0 = DLL ReleaseMT|Win32
		{3EED7235-2F4E-4D98-9408-74F1ED102689}.dummy|Win32.ActiveCfg = DLL Release|Win32
		{3EED7235-2F4E-4D98-9408-74F1ED102689}.dummy|Win32.Build.0 = DLL Release|Win32
		{3EED7235-2F4E-4D98-9408-74F1ED102689}.LIB Debug|Win32.ActiveCfg = LIB Debug|Win32
		{3EED7235-2F4E-4D98-9408-74F1ED102689}.LIB Debug|Win32.Build.0 = LIB Debug|Win32
		{3EED7235-2F4E-4D98-9408-74F1ED102689}.LIB DebugMT|Win32.ActiveCfg = LIB DebugMT|Win32
		{3EED7235-2F4E-4D98-9408-74F1ED102689}.LIB DebugMT|Win32.Build.0 = LIB DebugMT|Win32
		{3EED7235-2F4E-4D98-9408-74F1ED102689}.LIB Release|Win32.ActiveCfg = LIB Release|Win32
		{3EED7235-2F4E-4D98-9408-74F1ED102689}.LIB Release|Win32.Build.0 = LIB Release|Win32
		{3EED7235-2F4E-4D98-9408-74F1ED102689}.LIB ReleaseMT|Win32.ActiveCfg = LIB ReleaseMT|Win32
		{3EED7235-2F4E-4D98-9408-74F1ED102689}.LIB ReleaseMT|Win32.Build.0 = LIB ReleaseMT|Win32
		{3EED7235-2F4E-4D98-9408-74F1ED102689}.Release_Unicode|Win32.ActiveCfg = DLL ReleaseMT|Win32
		{3EED7235-2F4E-4D98-9408-74F1ED102689}.Release_Unicode|Win32.Build.0 = DLL ReleaseMT|Win32
		{3EED7235-2F4E-4D98-9408-74F1ED102689}.Release|Win32.ActiveCfg = LIB Release|Win32
		{3EED7235-2F4E-4D98-9408-74F1ED102689}.Release|Win32.Build.0 = LIB Release|Win32
		{B84F7231-16CE-41D8-8C08-7B523FF4225B}.Debug_Unicode|Win32.ActiveCfg = DLL ReleaseMT|Win32
		{B84F7231-16CE-41D8-8C08-7B523FF4225B}.Debug_Unicode|Win32.Build.0 = DLL ReleaseMT|Win32
		{B84F7231-16CE-41D8-8C08-7B523FF4225B}.Debug|Win32.ActiveCfg = LIB Debug|Win32
		{B84F7231-16CE-41D8-8C08-7B523FF4225B}.Debug|Win32.Build.0 = LIB Debug|Win32
		{B84F7231-16CE-41D8-8C08-7B523FF4225B}.DLL Debug|Win32.ActiveCfg = DLL Debug|Win32
		{B84F7231-16CE-41D8-8C08-7B523FF4225B}.DLL Debug|Win32.Build.0 = DLL Debug|Win32
		{B84F7231-16CE-41D8-8C08-7B523FF4225B}.DLL DebugMT|Win32.ActiveCfg = DLL DebugMT|Win32
		{B84F7231-16CE-41D8-8C08-7B523FF4225B}.DLL DebugMT|Win32.Build.0 = DLL DebugMT|Win32
		{B84F7231-16CE-41D8-8C08-7B523FF4225B}.DLL Release|Win32.ActiveCfg = DLL Release|Win32
		{B84F7231-16CE-41D8-8C08-7B523FF4225B}.DLL Release|Win32.Build.0 = DLL Release|Win32
		{B84F7231-16CE-41D8-8C08-7B523FF4225B}.DLL ReleaseMT|Win32.ActiveCfg = DLL ReleaseMT|Win32
		{B84F7231-16CE-41D8-8C08-7B523FF4225B}.DLL ReleaseMT|Win32.Build.0 = DLL ReleaseMT|Win32
		{B84F7231-16CE-41D8-8C08-7B523FF4225B}.dummy|Win32.ActiveCfg = DLL Release|Win32
		{B84F7231-16CE-41D8-8C08-7B523FF4225B}.dummy|Win32.Build.0 = DLL Release|Win32
		{B84F7231-16CE-41D8-8C08-7B523FF4225B}.LIB Debug|Win32.ActiveCfg = LIB Debug|Win32
		{B84F7231-16CE-41D8-8C08-7B523FF4225B}.LIB Debug|Win32.Build.0 = LIB Debug|Win32
		{B84F7231-16CE-41D8-8C08-7B523FF4225B}.LIB DebugMT|Win32.ActiveCfg = LIB DebugMT|Win32
		{B84F7231-16CE-41D8-8C08-7B523FF4225B}.LIB DebugMT|Win32.Build.0 = LIB DebugMT|Win32
		{B84F7231-16CE-41D8-8C08-7B523FF4225B}.LIB Release|Win32.ActiveCfg = LIB Release|Win32
		{B84F7231-16CE-41D8-8C08-7B523FF4225B}.LIB Release|Win32.Build.0 = LIB Release|Win32
		{B84F7231-16CE-41D8-8C08-7B523FF4225B}.LIB ReleaseMT|Win32.ActiveCfg = LIB ReleaseMT|Win32
		{B84F7231-16CE-41D8-8C08-7B523FF4225B}.LIB ReleaseMT|Win32.Build.0 = LIB ReleaseMT|Win32
		{B84F7231-16CE-41D8-8C08-7B523FF4225B}.Release_Unicode|Win32.ActiveCfg = LIB Release|Win32
		{B84F7231-16CE-41D8-8C08-7B523FF4225B}.Release_Unicode|Win32.Build.0 = LIB Release|Win32
		{B84F7231-16CE-41D8-8C08-7B523FF4225B}.Release|Win32.ActiveCfg = LIB Release|Win32
		{B84F7231-16CE-41D8-8C08-7B523FF4225B}.Release|Win32.Build.0 = LIB Release|Win32
		{E2EFEBEB-987C-4892-A7D2-675CC172597C}.Debug_Unicode|Win32.ActiveCfg = DLL ReleaseMT|Win32
		{E2EFEBEB-987C-4892-A7D2-675CC172597C}.Debug_Unicode|Win32.Build.0 = DLL ReleaseMT|Win32
		{E2EFEBEB-987C-4892-A7D2-675CC172597C}.Debug|Win32.ActiveCfg = LIB Debug|Win32
		{E2EFEBEB-987C-4892-A7D2-675CC172597C}.Debug|Win32.Build.0 = LIB Debug|Win32
		{E2EFEBEB-987C-4892-A7D2-675CC172597C}.DLL Debug|Win32.ActiveCfg = DLL Debug|Win32
		{E2EFEBEB-987C-4892-A7D2-675CC172597C}.DLL Debug|Win32.Build.0 = DLL Debug|Win32
		{E2EFEBEB-987C-4892-A7D2-675CC172597C}.DLL DebugMT|Win32.ActiveCfg = DLL DebugMT|Win32
		{E2EFEBEB-987C-4892-A7D2-675CC172597C}.DLL DebugMT|Win32.Build.0 = DLL DebugMT|Win32
		{E2EFEBEB-987C-4892-A7D2-675CC172597C}.DLL Release|Win32.ActiveCfg = DLL Release|Win32
		{E2EFEBEB-987C-4892-A7D2-675CC172597C}.DLL Release|Win32.Build.0 = DLL Release|Win32
		{E2EFEBEB-987C-4892-A7D2-675CC172597C}.DLL ReleaseMT|Win32.ActiveCfg = DLL ReleaseMT|Win32
		{E2EFEBEB-987C-4892-A7D2-675CC172597C}.DLL ReleaseMT|Win32.Build.0 = DLL ReleaseMT|Win32
		{E2EFEBEB-987C-4892-A7D2-675CC172597C}.dummy|Win32.ActiveCfg = DLL Release|Win32
		{E2EFEBEB-987C-4892-A7D2-675CC172597C}.dummy|Win32.Build.0 = DLL Release|Win32
		{E2EFEBEB-987C-4892-A7D2-675CC172597C}.LIB Debug|Win32.ActiveCfg = LIB Debug|Win32
		{E2EFEBEB-987C-4892-A7D2-675CC172597C}.LIB Debug|Win32.Build.0 = LIB Debug|Win32
		{E2EFEBEB-987C-4892-A7D2-675CC172597C}.LIB DebugMT|Win32.ActiveCfg = LIB DebugMT|Win32
		{E2EFEBEB-987C-4892-A7D2-675CC172597C}.LIB DebugMT|Win32.Build.0 = LIB DebugMT|Win32
		{E2EFEBEB-987C-4892-A7D2-675CC172597C}.LIB Release|Win32.ActiveCfg = LIB Release|Win32
		{E2EFEBEB-987C-4892-A7D2-675CC172597C}.LIB Release|Win32.Build.0 = LIB Release|Win32
		{E2EFEBEB-987C-4892-A7D2-675CC172597C}.LIB ReleaseMT|Win32.ActiveCfg = LIB ReleaseMT|Win32
		{E2EFEBEB-987C-4892-A7D2-675CC172597C}.LIB ReleaseMT|Win32.Build.0 = LIB ReleaseMT|Win32
		{E2EFEBEB-987C-4892-A7D2-675CC172597C}.Release_Unicode|Win32.ActiveCfg = LIB Release|Win32
		{E2EFEBEB-987C-4892-A7D2-675CC172597C}.Release_Unicode|Win32.Build.0 = LIB Release|Win32
		{E2EFEBEB-987C-4892-A7D2-675CC172597C}.Release|Win32.ActiveCfg = LIB Release|Win32
		{E2EFEBEB-987C-4892-A7D2-675CC172597C}.Release|Win32.Build.0 = LIB Release|Win32
	EndGlobalSection
	GlobalSection(SolutionProperties) = preSolution
		HideSolutionNode = FALSE
	EndGlobalSection
	GlobalSection(NestedProjects) = preSolution
		{3EED7235-2F4E-4D98-9408-74F1ED102689} = {79F65363-FC7A-4C22-8378-F00096110C31}
		{B84F7231-16CE-41D8-8C08-7B523FF4225B} = {79F65363-FC7A-4C22-8378-F00096110C31}
		{E2EFEBEB-987C-4892-A7D2-675CC172597C} = {315A6FC1-585A-453B-958C-A76D361CA810}
	EndGlobalSection
EndGlobal
