
Microsoft Visual Studio Solution File, Format Version 9.00
# Visual Studio 2005
Project("{8BC9CEB8-8B4A-11D0-8D11-00A0C91BC942}") = "libHttpCE", "..\libhttp\trunk\libHttpCE\libHttpCE.vcproj", "{3839D136-AB73-41BE-A08D-AE3F67926DA0}"
EndProject
Project("{8BC9CEB8-8B4A-11D0-8D11-00A0C91BC942}") = "jsonCE", "..\libjson\trunk\jsonCE\jsonCE.vcproj", "{992C8278-2F29-447D-917E-763714695469}"
EndProject
Project("{8BC9CEB8-8B4A-11D0-8D11-00A0C91BC942}") = "tinyxmlCE", "..\tinyxml\trunk\tinyxmlCE\tinyxmlCE.vcproj", "{22181FDA-44D9-43CC-BFB4-285CFC99D868}"
EndProject
Global
	GlobalSection(SolutionConfigurationPlatforms) = preSolution
		DLL Debug|Mixed Platforms = DLL Debug|Mixed Platforms
		DLL Debug|Pocket PC 2003 (ARMV4) = DLL Debug|Pocket PC 2003 (ARMV4)
		DLL Debug|Smartphone 2003 (ARMV4) = DLL Debug|Smartphone 2003 (ARMV4)
		DLL Debug|STANDARDSDK_500 (ARMV4I) = DLL Debug|STANDARDSDK_500 (ARMV4I)
		DLL Debug|STANDARDSDK_500 (MIPSII) = DLL Debug|STANDARDSDK_500 (MIPSII)
		DLL Debug|STANDARDSDK_500 (MIPSII_FP) = DLL Debug|STANDARDSDK_500 (MIPSII_FP)
		DLL Debug|STANDARDSDK_500 (MIPSIV) = DLL Debug|STANDARDSDK_500 (MIPSIV)
		DLL Debug|STANDARDSDK_500 (MIPSIV_FP) = DLL Debug|STANDARDSDK_500 (MIPSIV_FP)
		DLL Debug|STANDARDSDK_500 (SH4) = DLL Debug|STANDARDSDK_500 (SH4)
		DLL Debug|STANDARDSDK_500 (x86) = DLL Debug|STANDARDSDK_500 (x86)
		DLL Release|Mixed Platforms = DLL Release|Mixed Platforms
		DLL Release|Pocket PC 2003 (ARMV4) = DLL Release|Pocket PC 2003 (ARMV4)
		DLL Release|Smartphone 2003 (ARMV4) = DLL Release|Smartphone 2003 (ARMV4)
		DLL Release|STANDARDSDK_500 (ARMV4I) = DLL Release|STANDARDSDK_500 (ARMV4I)
		DLL Release|STANDARDSDK_500 (MIPSII) = DLL Release|STANDARDSDK_500 (MIPSII)
		DLL Release|STANDARDSDK_500 (MIPSII_FP) = DLL Release|STANDARDSDK_500 (MIPSII_FP)
		DLL Release|STANDARDSDK_500 (MIPSIV) = DLL Release|STANDARDSDK_500 (MIPSIV)
		DLL Release|STANDARDSDK_500 (MIPSIV_FP) = DLL Release|STANDARDSDK_500 (MIPSIV_FP)
		DLL Release|STANDARDSDK_500 (SH4) = DLL Release|STANDARDSDK_500 (SH4)
		DLL Release|STANDARDSDK_500 (x86) = DLL Release|STANDARDSDK_500 (x86)
	EndGlobalSection
	GlobalSection(ProjectConfigurationPlatforms) = postSolution
		{3839D136-AB73-41BE-A08D-AE3F67926DA0}.DLL Debug|Mixed Platforms.ActiveCfg = DLL Debug|STANDARDSDK_500 (ARMV4I)
		{3839D136-AB73-41BE-A08D-AE3F67926DA0}.DLL Debug|Mixed Platforms.Build.0 = DLL Debug|STANDARDSDK_500 (ARMV4I)
		{3839D136-AB73-41BE-A08D-AE3F67926DA0}.DLL Debug|Mixed Platforms.Deploy.0 = DLL Debug|STANDARDSDK_500 (ARMV4I)
		{3839D136-AB73-41BE-A08D-AE3F67926DA0}.DLL Debug|Pocket PC 2003 (ARMV4).ActiveCfg = DLL Debug|Pocket PC 2003 (ARMV4)
		{3839D136-AB73-41BE-A08D-AE3F67926DA0}.DLL Debug|Pocket PC 2003 (ARMV4).Build.0 = DLL Debug|Pocket PC 2003 (ARMV4)
		{3839D136-AB73-41BE-A08D-AE3F67926DA0}.DLL Debug|Pocket PC 2003 (ARMV4).Deploy.0 = DLL Debug|Pocket PC 2003 (ARMV4)
		{3839D136-AB73-41BE-A08D-AE3F67926DA0}.DLL Debug|Smartphone 2003 (ARMV4).ActiveCfg = DLL Debug|Smartphone 2003 (ARMV4)
		{3839D136-AB73-41BE-A08D-AE3F67926DA0}.DLL Debug|Smartphone 2003 (ARMV4).Build.0 = DLL Debug|Smartphone 2003 (ARMV4)
		{3839D136-AB73-41BE-A08D-AE3F67926DA0}.DLL Debug|Smartphone 2003 (ARMV4).Deploy.0 = DLL Debug|Smartphone 2003 (ARMV4)
		{3839D136-AB73-41BE-A08D-AE3F67926DA0}.DLL Debug|STANDARDSDK_500 (ARMV4I).ActiveCfg = DLL Debug|STANDARDSDK_500 (ARMV4I)
		{3839D136-AB73-41BE-A08D-AE3F67926DA0}.DLL Debug|STANDARDSDK_500 (ARMV4I).Build.0 = DLL Debug|STANDARDSDK_500 (ARMV4I)
		{3839D136-AB73-41BE-A08D-AE3F67926DA0}.DLL Debug|STANDARDSDK_500 (ARMV4I).Deploy.0 = DLL Debug|STANDARDSDK_500 (ARMV4I)
		{3839D136-AB73-41BE-A08D-AE3F67926DA0}.DLL Debug|STANDARDSDK_500 (MIPSII).ActiveCfg = DLL Debug|STANDARDSDK_500 (MIPSII)
		{3839D136-AB73-41BE-A08D-AE3F67926DA0}.DLL Debug|STANDARDSDK_500 (MIPSII_FP).ActiveCfg = DLL Debug|STANDARDSDK_500 (ARMV4I)
		{3839D136-AB73-41BE-A08D-AE3F67926DA0}.DLL Debug|STANDARDSDK_500 (MIPSIV).ActiveCfg = DLL Debug|STANDARDSDK_500 (ARMV4I)
		{3839D136-AB73-41BE-A08D-AE3F67926DA0}.DLL Debug|STANDARDSDK_500 (MIPSIV_FP).ActiveCfg = DLL Debug|STANDARDSDK_500 (ARMV4I)
		{3839D136-AB73-41BE-A08D-AE3F67926DA0}.DLL Debug|STANDARDSDK_500 (SH4).ActiveCfg = DLL Debug|STANDARDSDK_500 (ARMV4I)
		{3839D136-AB73-41BE-A08D-AE3F67926DA0}.DLL Debug|STANDARDSDK_500 (x86).ActiveCfg = DLL Debug|STANDARDSDK_500 (ARMV4I)
		{3839D136-AB73-41BE-A08D-AE3F67926DA0}.DLL Release|Mixed Platforms.ActiveCfg = DLL Release|STANDARDSDK_500 (ARMV4I)
		{3839D136-AB73-41BE-A08D-AE3F67926DA0}.DLL Release|Mixed Platforms.Build.0 = DLL Release|STANDARDSDK_500 (ARMV4I)
		{3839D136-AB73-41BE-A08D-AE3F67926DA0}.DLL Release|Mixed Platforms.Deploy.0 = DLL Release|STANDARDSDK_500 (ARMV4I)
		{3839D136-AB73-41BE-A08D-AE3F67926DA0}.DLL Release|Pocket PC 2003 (ARMV4).ActiveCfg = DLL Release|Pocket PC 2003 (ARMV4)
		{3839D136-AB73-41BE-A08D-AE3F67926DA0}.DLL Release|Pocket PC 2003 (ARMV4).Build.0 = DLL Release|Pocket PC 2003 (ARMV4)
		{3839D136-AB73-41BE-A08D-AE3F67926DA0}.DLL Release|Pocket PC 2003 (ARMV4).Deploy.0 = DLL Release|Pocket PC 2003 (ARMV4)
		{3839D136-AB73-41BE-A08D-AE3F67926DA0}.DLL Release|Smartphone 2003 (ARMV4).ActiveCfg = DLL Release|Smartphone 2003 (ARMV4)
		{3839D136-AB73-41BE-A08D-AE3F67926DA0}.DLL Release|Smartphone 2003 (ARMV4).Build.0 = DLL Release|Smartphone 2003 (ARMV4)
		{3839D136-AB73-41BE-A08D-AE3F67926DA0}.DLL Release|Smartphone 2003 (ARMV4).Deploy.0 = DLL Release|Smartphone 2003 (ARMV4)
		{3839D136-AB73-41BE-A08D-AE3F67926DA0}.DLL Release|STANDARDSDK_500 (ARMV4I).ActiveCfg = DLL Release|STANDARDSDK_500 (ARMV4I)
		{3839D136-AB73-41BE-A08D-AE3F67926DA0}.DLL Release|STANDARDSDK_500 (ARMV4I).Build.0 = DLL Release|STANDARDSDK_500 (ARMV4I)
		{3839D136-AB73-41BE-A08D-AE3F67926DA0}.DLL Release|STANDARDSDK_500 (ARMV4I).Deploy.0 = DLL Release|STANDARDSDK_500 (ARMV4I)
		{3839D136-AB73-41BE-A08D-AE3F67926DA0}.DLL Release|STANDARDSDK_500 (MIPSII).ActiveCfg = DLL Release|STANDARDSDK_500 (MIPSII)
		{3839D136-AB73-41BE-A08D-AE3F67926DA0}.DLL Release|STANDARDSDK_500 (MIPSII_FP).ActiveCfg = DLL Release|STANDARDSDK_500 (ARMV4I)
		{3839D136-AB73-41BE-A08D-AE3F67926DA0}.DLL Release|STANDARDSDK_500 (MIPSIV).ActiveCfg = DLL Release|STANDARDSDK_500 (ARMV4I)
		{3839D136-AB73-41BE-A08D-AE3F67926DA0}.DLL Release|STANDARDSDK_500 (MIPSIV_FP).ActiveCfg = DLL Release|STANDARDSDK_500 (ARMV4I)
		{3839D136-AB73-41BE-A08D-AE3F67926DA0}.DLL Release|STANDARDSDK_500 (SH4).ActiveCfg = DLL Release|STANDARDSDK_500 (ARMV4I)
		{3839D136-AB73-41BE-A08D-AE3F67926DA0}.DLL Release|STANDARDSDK_500 (x86).ActiveCfg = DLL Release|STANDARDSDK_500 (ARMV4I)
		{992C8278-2F29-447D-917E-763714695469}.DLL Debug|Mixed Platforms.ActiveCfg = DLL Debug|STANDARDSDK_500 (MIPSIV_FP)
		{992C8278-2F29-447D-917E-763714695469}.DLL Debug|Mixed Platforms.Build.0 = DLL Debug|STANDARDSDK_500 (MIPSIV_FP)
		{992C8278-2F29-447D-917E-763714695469}.DLL Debug|Mixed Platforms.Deploy.0 = DLL Debug|STANDARDSDK_500 (MIPSIV_FP)
		{992C8278-2F29-447D-917E-763714695469}.DLL Debug|Pocket PC 2003 (ARMV4).ActiveCfg = DLL Debug|STANDARDSDK_500 (MIPSIV_FP)
		{992C8278-2F29-447D-917E-763714695469}.DLL Debug|Smartphone 2003 (ARMV4).ActiveCfg = DLL Debug|STANDARDSDK_500 (MIPSIV_FP)
		{992C8278-2F29-447D-917E-763714695469}.DLL Debug|STANDARDSDK_500 (ARMV4I).ActiveCfg = DLL Debug|STANDARDSDK_500 (ARMV4I)
		{992C8278-2F29-447D-917E-763714695469}.DLL Debug|STANDARDSDK_500 (ARMV4I).Build.0 = DLL Debug|STANDARDSDK_500 (ARMV4I)
		{992C8278-2F29-447D-917E-763714695469}.DLL Debug|STANDARDSDK_500 (ARMV4I).Deploy.0 = DLL Debug|STANDARDSDK_500 (ARMV4I)
		{992C8278-2F29-447D-917E-763714695469}.DLL Debug|STANDARDSDK_500 (MIPSII).ActiveCfg = DLL Debug|STANDARDSDK_500 (MIPSII)
		{992C8278-2F29-447D-917E-763714695469}.DLL Debug|STANDARDSDK_500 (MIPSII).Build.0 = DLL Debug|STANDARDSDK_500 (MIPSII)
		{992C8278-2F29-447D-917E-763714695469}.DLL Debug|STANDARDSDK_500 (MIPSII).Deploy.0 = DLL Debug|STANDARDSDK_500 (MIPSII)
		{992C8278-2F29-447D-917E-763714695469}.DLL Debug|STANDARDSDK_500 (MIPSII_FP).ActiveCfg = DLL Debug|STANDARDSDK_500 (MIPSII_FP)
		{992C8278-2F29-447D-917E-763714695469}.DLL Debug|STANDARDSDK_500 (MIPSII_FP).Build.0 = DLL Debug|STANDARDSDK_500 (MIPSII_FP)
		{992C8278-2F29-447D-917E-763714695469}.DLL Debug|STANDARDSDK_500 (MIPSII_FP).Deploy.0 = DLL Debug|STANDARDSDK_500 (MIPSII_FP)
		{992C8278-2F29-447D-917E-763714695469}.DLL Debug|STANDARDSDK_500 (MIPSIV).ActiveCfg = DLL Debug|STANDARDSDK_500 (MIPSIV)
		{992C8278-2F29-447D-917E-763714695469}.DLL Debug|STANDARDSDK_500 (MIPSIV).Build.0 = DLL Debug|STANDARDSDK_500 (MIPSIV)
		{992C8278-2F29-447D-917E-763714695469}.DLL Debug|STANDARDSDK_500 (MIPSIV).Deploy.0 = DLL Debug|STANDARDSDK_500 (MIPSIV)
		{992C8278-2F29-447D-917E-763714695469}.DLL Debug|STANDARDSDK_500 (MIPSIV_FP).ActiveCfg = DLL Debug|STANDARDSDK_500 (MIPSIV_FP)
		{992C8278-2F29-447D-917E-763714695469}.DLL Debug|STANDARDSDK_500 (MIPSIV_FP).Build.0 = DLL Debug|STANDARDSDK_500 (MIPSIV_FP)
		{992C8278-2F29-447D-917E-763714695469}.DLL Debug|STANDARDSDK_500 (MIPSIV_FP).Deploy.0 = DLL Debug|STANDARDSDK_500 (MIPSIV_FP)
		{992C8278-2F29-447D-917E-763714695469}.DLL Debug|STANDARDSDK_500 (SH4).ActiveCfg = DLL Debug|STANDARDSDK_500 (SH4)
		{992C8278-2F29-447D-917E-763714695469}.DLL Debug|STANDARDSDK_500 (SH4).Build.0 = DLL Debug|STANDARDSDK_500 (SH4)
		{992C8278-2F29-447D-917E-763714695469}.DLL Debug|STANDARDSDK_500 (SH4).Deploy.0 = DLL Debug|STANDARDSDK_500 (SH4)
		{992C8278-2F29-447D-917E-763714695469}.DLL Debug|STANDARDSDK_500 (x86).ActiveCfg = DLL Debug|STANDARDSDK_500 (x86)
		{992C8278-2F29-447D-917E-763714695469}.DLL Debug|STANDARDSDK_500 (x86).Build.0 = DLL Debug|STANDARDSDK_500 (x86)
		{992C8278-2F29-447D-917E-763714695469}.DLL Debug|STANDARDSDK_500 (x86).Deploy.0 = DLL Debug|STANDARDSDK_500 (x86)
		{992C8278-2F29-447D-917E-763714695469}.DLL Release|Mixed Platforms.ActiveCfg = DLL Release|STANDARDSDK_500 (MIPSIV_FP)
		{992C8278-2F29-447D-917E-763714695469}.DLL Release|Mixed Platforms.Build.0 = DLL Release|STANDARDSDK_500 (MIPSIV_FP)
		{992C8278-2F29-447D-917E-763714695469}.DLL Release|Mixed Platforms.Deploy.0 = DLL Release|STANDARDSDK_500 (MIPSIV_FP)
		{992C8278-2F29-447D-917E-763714695469}.DLL Release|Pocket PC 2003 (ARMV4).ActiveCfg = DLL Release|STANDARDSDK_500 (MIPSIV_FP)
		{992C8278-2F29-447D-917E-763714695469}.DLL Release|Smartphone 2003 (ARMV4).ActiveCfg = DLL Release|STANDARDSDK_500 (MIPSIV_FP)
		{992C8278-2F29-447D-917E-763714695469}.DLL Release|STANDARDSDK_500 (ARMV4I).ActiveCfg = DLL Release|STANDARDSDK_500 (ARMV4I)
		{992C8278-2F29-447D-917E-763714695469}.DLL Release|STANDARDSDK_500 (ARMV4I).Build.0 = DLL Release|STANDARDSDK_500 (ARMV4I)
		{992C8278-2F29-447D-917E-763714695469}.DLL Release|STANDARDSDK_500 (ARMV4I).Deploy.0 = DLL Release|STANDARDSDK_500 (ARMV4I)
		{992C8278-2F29-447D-917E-763714695469}.DLL Release|STANDARDSDK_500 (MIPSII).ActiveCfg = DLL Release|STANDARDSDK_500 (MIPSII)
		{992C8278-2F29-447D-917E-763714695469}.DLL Release|STANDARDSDK_500 (MIPSII).Build.0 = DLL Release|STANDARDSDK_500 (MIPSII)
		{992C8278-2F29-447D-917E-763714695469}.DLL Release|STANDARDSDK_500 (MIPSII).Deploy.0 = DLL Release|STANDARDSDK_500 (MIPSII)
		{992C8278-2F29-447D-917E-763714695469}.DLL Release|STANDARDSDK_500 (MIPSII_FP).ActiveCfg = DLL Release|STANDARDSDK_500 (MIPSII_FP)
		{992C8278-2F29-447D-917E-763714695469}.DLL Release|STANDARDSDK_500 (MIPSII_FP).Build.0 = DLL Release|STANDARDSDK_500 (MIPSII_FP)
		{992C8278-2F29-447D-917E-763714695469}.DLL Release|STANDARDSDK_500 (MIPSII_FP).Deploy.0 = DLL Release|STANDARDSDK_500 (MIPSII_FP)
		{992C8278-2F29-447D-917E-763714695469}.DLL Release|STANDARDSDK_500 (MIPSIV).ActiveCfg = DLL Release|STANDARDSDK_500 (MIPSIV)
		{992C8278-2F29-447D-917E-763714695469}.DLL Release|STANDARDSDK_500 (MIPSIV).Build.0 = DLL Release|STANDARDSDK_500 (MIPSIV)
		{992C8278-2F29-447D-917E-763714695469}.DLL Release|STANDARDSDK_500 (MIPSIV).Deploy.0 = DLL Release|STANDARDSDK_500 (MIPSIV)
		{992C8278-2F29-447D-917E-763714695469}.DLL Release|STANDARDSDK_500 (MIPSIV_FP).ActiveCfg = DLL Release|STANDARDSDK_500 (MIPSIV_FP)
		{992C8278-2F29-447D-917E-763714695469}.DLL Release|STANDARDSDK_500 (MIPSIV_FP).Build.0 = DLL Release|STANDARDSDK_500 (MIPSIV_FP)
		{992C8278-2F29-447D-917E-763714695469}.DLL Release|STANDARDSDK_500 (MIPSIV_FP).Deploy.0 = DLL Release|STANDARDSDK_500 (MIPSIV_FP)
		{992C8278-2F29-447D-917E-763714695469}.DLL Release|STANDARDSDK_500 (SH4).ActiveCfg = DLL Release|STANDARDSDK_500 (SH4)
		{992C8278-2F29-447D-917E-763714695469}.DLL Release|STANDARDSDK_500 (SH4).Build.0 = DLL Release|STANDARDSDK_500 (SH4)
		{992C8278-2F29-447D-917E-763714695469}.DLL Release|STANDARDSDK_500 (SH4).Deploy.0 = DLL Release|STANDARDSDK_500 (SH4)
		{992C8278-2F29-447D-917E-763714695469}.DLL Release|STANDARDSDK_500 (x86).ActiveCfg = DLL Release|STANDARDSDK_500 (x86)
		{992C8278-2F29-447D-917E-763714695469}.DLL Release|STANDARDSDK_500 (x86).Build.0 = DLL Release|STANDARDSDK_500 (x86)
		{992C8278-2F29-447D-917E-763714695469}.DLL Release|STANDARDSDK_500 (x86).Deploy.0 = DLL Release|STANDARDSDK_500 (x86)
		{22181FDA-44D9-43CC-BFB4-285CFC99D868}.DLL Debug|Mixed Platforms.ActiveCfg = DLL Debug|STANDARDSDK_500 (MIPSIV_FP)
		{22181FDA-44D9-43CC-BFB4-285CFC99D868}.DLL Debug|Mixed Platforms.Build.0 = DLL Debug|STANDARDSDK_500 (MIPSIV_FP)
		{22181FDA-44D9-43CC-BFB4-285CFC99D868}.DLL Debug|Mixed Platforms.Deploy.0 = DLL Debug|STANDARDSDK_500 (MIPSIV_FP)
		{22181FDA-44D9-43CC-BFB4-285CFC99D868}.DLL Debug|Pocket PC 2003 (ARMV4).ActiveCfg = DLL Debug|STANDARDSDK_500 (MIPSIV_FP)
		{22181FDA-44D9-43CC-BFB4-285CFC99D868}.DLL Debug|Smartphone 2003 (ARMV4).ActiveCfg = DLL Debug|STANDARDSDK_500 (MIPSIV_FP)
		{22181FDA-44D9-43CC-BFB4-285CFC99D868}.DLL Debug|STANDARDSDK_500 (ARMV4I).ActiveCfg = DLL Debug|STANDARDSDK_500 (ARMV4I)
		{22181FDA-44D9-43CC-BFB4-285CFC99D868}.DLL Debug|STANDARDSDK_500 (ARMV4I).Build.0 = DLL Debug|STANDARDSDK_500 (ARMV4I)
		{22181FDA-44D9-43CC-BFB4-285CFC99D868}.DLL Debug|STANDARDSDK_500 (ARMV4I).Deploy.0 = DLL Debug|STANDARDSDK_500 (ARMV4I)
		{22181FDA-44D9-43CC-BFB4-285CFC99D868}.DLL Debug|STANDARDSDK_500 (MIPSII).ActiveCfg = DLL Debug|STANDARDSDK_500 (MIPSII)
		{22181FDA-44D9-43CC-BFB4-285CFC99D868}.DLL Debug|STANDARDSDK_500 (MIPSII).Build.0 = DLL Debug|STANDARDSDK_500 (MIPSII)
		{22181FDA-44D9-43CC-BFB4-285CFC99D868}.DLL Debug|STANDARDSDK_500 (MIPSII).Deploy.0 = DLL Debug|STANDARDSDK_500 (MIPSII)
		{22181FDA-44D9-43CC-BFB4-285CFC99D868}.DLL Debug|STANDARDSDK_500 (MIPSII_FP).ActiveCfg = DLL Debug|STANDARDSDK_500 (MIPSII_FP)
		{22181FDA-44D9-43CC-BFB4-285CFC99D868}.DLL Debug|STANDARDSDK_500 (MIPSII_FP).Build.0 = DLL Debug|STANDARDSDK_500 (MIPSII_FP)
		{22181FDA-44D9-43CC-BFB4-285CFC99D868}.DLL Debug|STANDARDSDK_500 (MIPSII_FP).Deploy.0 = DLL Debug|STANDARDSDK_500 (MIPSII_FP)
		{22181FDA-44D9-43CC-BFB4-285CFC99D868}.DLL Debug|STANDARDSDK_500 (MIPSIV).ActiveCfg = DLL Debug|STANDARDSDK_500 (MIPSIV)
		{22181FDA-44D9-43CC-BFB4-285CFC99D868}.DLL Debug|STANDARDSDK_500 (MIPSIV).Build.0 = DLL Debug|STANDARDSDK_500 (MIPSIV)
		{22181FDA-44D9-43CC-BFB4-285CFC99D868}.DLL Debug|STANDARDSDK_500 (MIPSIV).Deploy.0 = DLL Debug|STANDARDSDK_500 (MIPSIV)
		{22181FDA-44D9-43CC-BFB4-285CFC99D868}.DLL Debug|STANDARDSDK_500 (MIPSIV_FP).ActiveCfg = DLL Debug|STANDARDSDK_500 (MIPSIV_FP)
		{22181FDA-44D9-43CC-BFB4-285CFC99D868}.DLL Debug|STANDARDSDK_500 (MIPSIV_FP).Build.0 = DLL Debug|STANDARDSDK_500 (MIPSIV_FP)
		{22181FDA-44D9-43CC-BFB4-285CFC99D868}.DLL Debug|STANDARDSDK_500 (MIPSIV_FP).Deploy.0 = DLL Debug|STANDARDSDK_500 (MIPSIV_FP)
		{22181FDA-44D9-43CC-BFB4-285CFC99D868}.DLL Debug|STANDARDSDK_500 (SH4).ActiveCfg = DLL Debug|STANDARDSDK_500 (SH4)
		{22181FDA-44D9-43CC-BFB4-285CFC99D868}.DLL Debug|STANDARDSDK_500 (SH4).Build.0 = DLL Debug|STANDARDSDK_500 (SH4)
		{22181FDA-44D9-43CC-BFB4-285CFC99D868}.DLL Debug|STANDARDSDK_500 (SH4).Deploy.0 = DLL Debug|STANDARDSDK_500 (SH4)
		{22181FDA-44D9-43CC-BFB4-285CFC99D868}.DLL Debug|STANDARDSDK_500 (x86).ActiveCfg = DLL Debug|STANDARDSDK_500 (x86)
		{22181FDA-44D9-43CC-BFB4-285CFC99D868}.DLL Debug|STANDARDSDK_500 (x86).Build.0 = DLL Debug|STANDARDSDK_500 (x86)
		{22181FDA-44D9-43CC-BFB4-285CFC99D868}.DLL Debug|STANDARDSDK_500 (x86).Deploy.0 = DLL Debug|STANDARDSDK_500 (x86)
		{22181FDA-44D9-43CC-BFB4-285CFC99D868}.DLL Release|Mixed Platforms.ActiveCfg = DLL Release|STANDARDSDK_500 (MIPSIV_FP)
		{22181FDA-44D9-43CC-BFB4-285CFC99D868}.DLL Release|Mixed Platforms.Build.0 = DLL Release|STANDARDSDK_500 (MIPSIV_FP)
		{22181FDA-44D9-43CC-BFB4-285CFC99D868}.DLL Release|Mixed Platforms.Deploy.0 = DLL Release|STANDARDSDK_500 (MIPSIV_FP)
		{22181FDA-44D9-43CC-BFB4-285CFC99D868}.DLL Release|Pocket PC 2003 (ARMV4).ActiveCfg = DLL Release|STANDARDSDK_500 (MIPSIV_FP)
		{22181FDA-44D9-43CC-BFB4-285CFC99D868}.DLL Release|Smartphone 2003 (ARMV4).ActiveCfg = DLL Release|STANDARDSDK_500 (MIPSIV_FP)
		{22181FDA-44D9-43CC-BFB4-285CFC99D868}.DLL Release|STANDARDSDK_500 (ARMV4I).ActiveCfg = DLL Release|STANDARDSDK_500 (ARMV4I)
		{22181FDA-44D9-43CC-BFB4-285CFC99D868}.DLL Release|STANDARDSDK_500 (ARMV4I).Build.0 = DLL Release|STANDARDSDK_500 (ARMV4I)
		{22181FDA-44D9-43CC-BFB4-285CFC99D868}.DLL Release|STANDARDSDK_500 (ARMV4I).Deploy.0 = DLL Release|STANDARDSDK_500 (ARMV4I)
		{22181FDA-44D9-43CC-BFB4-285CFC99D868}.DLL Release|STANDARDSDK_500 (MIPSII).ActiveCfg = DLL Release|STANDARDSDK_500 (MIPSII)
		{22181FDA-44D9-43CC-BFB4-285CFC99D868}.DLL Release|STANDARDSDK_500 (MIPSII).Build.0 = DLL Release|STANDARDSDK_500 (MIPSII)
		{22181FDA-44D9-43CC-BFB4-285CFC99D868}.DLL Release|STANDARDSDK_500 (MIPSII).Deploy.0 = DLL Release|STANDARDSDK_500 (MIPSII)
		{22181FDA-44D9-43CC-BFB4-285CFC99D868}.DLL Release|STANDARDSDK_500 (MIPSII_FP).ActiveCfg = DLL Release|STANDARDSDK_500 (MIPSII_FP)
		{22181FDA-44D9-43CC-BFB4-285CFC99D868}.DLL Release|STANDARDSDK_500 (MIPSII_FP).Build.0 = DLL Release|STANDARDSDK_500 (MIPSII_FP)
		{22181FDA-44D9-43CC-BFB4-285CFC99D868}.DLL Release|STANDARDSDK_500 (MIPSII_FP).Deploy.0 = DLL Release|STANDARDSDK_500 (MIPSII_FP)
		{22181FDA-44D9-43CC-BFB4-285CFC99D868}.DLL Release|STANDARDSDK_500 (MIPSIV).ActiveCfg = DLL Release|STANDARDSDK_500 (MIPSIV)
		{22181FDA-44D9-43CC-BFB4-285CFC99D868}.DLL Release|STANDARDSDK_500 (MIPSIV).Build.0 = DLL Release|STANDARDSDK_500 (MIPSIV)
		{22181FDA-44D9-43CC-BFB4-285CFC99D868}.DLL Release|STANDARDSDK_500 (MIPSIV).Deploy.0 = DLL Release|STANDARDSDK_500 (MIPSIV)
		{22181FDA-44D9-43CC-BFB4-285CFC99D868}.DLL Release|STANDARDSDK_500 (MIPSIV_FP).ActiveCfg = DLL Release|STANDARDSDK_500 (MIPSIV_FP)
		{22181FDA-44D9-43CC-BFB4-285CFC99D868}.DLL Release|STANDARDSDK_500 (MIPSIV_FP).Build.0 = DLL Release|STANDARDSDK_500 (MIPSIV_FP)
		{22181FDA-44D9-43CC-BFB4-285CFC99D868}.DLL Release|STANDARDSDK_500 (MIPSIV_FP).Deploy.0 = DLL Release|STANDARDSDK_500 (MIPSIV_FP)
		{22181FDA-44D9-43CC-BFB4-285CFC99D868}.DLL Release|STANDARDSDK_500 (SH4).ActiveCfg = DLL Release|STANDARDSDK_500 (SH4)
		{22181FDA-44D9-43CC-BFB4-285CFC99D868}.DLL Release|STANDARDSDK_500 (SH4).Build.0 = DLL Release|STANDARDSDK_500 (SH4)
		{22181FDA-44D9-43CC-BFB4-285CFC99D868}.DLL Release|STANDARDSDK_500 (SH4).Deploy.0 = DLL Release|STANDARDSDK_500 (SH4)
		{22181FDA-44D9-43CC-BFB4-285CFC99D868}.DLL Release|STANDARDSDK_500 (x86).ActiveCfg = DLL Release|STANDARDSDK_500 (x86)
		{22181FDA-44D9-43CC-BFB4-285CFC99D868}.DLL Release|STANDARDSDK_500 (x86).Build.0 = DLL Release|STANDARDSDK_500 (x86)
		{22181FDA-44D9-43CC-BFB4-285CFC99D868}.DLL Release|STANDARDSDK_500 (x86).Deploy.0 = DLL Release|STANDARDSDK_500 (x86)
	EndGlobalSection
	GlobalSection(SolutionProperties) = preSolution
		HideSolutionNode = FALSE
	EndGlobalSection
EndGlobal
